<?xml version="1.0" encoding="utf-8"?>
<Project ToolsVersion="4.0" xmlns="http://schemas.microsoft.com/developer/msbuild/2003">
  <ItemGroup>
    <ClCompile Include="..\..\..\addons\ofxMidi\src\ofxBaseMidi.cpp">
      <Filter>addons\ofxMidi\src</Filter>
    </ClCompile>
    <ClCompile Include="..\..\..\addons\ofxMidi\src\ofxMidi.cpp">
      <Filter>addons\ofxMidi\src</Filter>
    </ClCompile>
    <ClCompile Include="..\..\..\addons\ofxMidi\src\ofxMidiIn.cpp">
      <Filter>addons\ofxMidi\src</Filter>
    </ClCompile>
    <ClCompile Include="..\..\..\addons\ofxMidi\src\ofxMidiMessage.cpp">
      <Filter>addons\ofxMidi\src</Filter>
    </ClCompile>
    <ClCompile Include="..\..\..\addons\ofxMidi\src\ofxMidiOut.cpp">
      <Filter>addons\ofxMidi\src</Filter>
    </ClCompile>
    <ClCompile Include="..\..\..\addons\ofxMidi\src\desktop\ofxRtMidiIn.cpp">
      <Filter>addons\ofxMidi\src\desktop</Filter>
    </ClCompile>
    <ClCompile Include="..\..\..\addons\ofxMidi\src\desktop\ofxRtMidiOut.cpp">
      <Filter>addons\ofxMidi\src\desktop</Filter>
    </ClCompile>
    <ClCompile Include="..\..\..\addons\ofxMidi\libs\rtmidi\RtMidi.cpp">
      <Filter>addons\ofxMidi\libs\rtmidi</Filter>
    </ClCompile>
    <ClCompile Include="..\..\..\addons\ofxPd\src\ofxPd.cpp">
      <Filter>addons\ofxPd\src</Filter>
    </ClCompile>
    <ClCompile Include="src\main.cpp">
      <Filter>src</Filter>
    </ClCompile>
    <ClCompile Include="src\ofApp.cpp">
      <Filter>src</Filter>
    </ClCompile>
    <ClCompile Include="src\ofeliaAnimate.cpp">
      <Filter>src</Filter>
    </ClCompile>
    <ClCompile Include="src\ofeliaAudio.c">
      <Filter>src</Filter>
    </ClCompile>
    <ClCompile Include="src\ofeliaBase.cpp">
      <Filter>src</Filter>
    </ClCompile>
    <ClCompile Include="src\ofeliaCamera.cpp">
      <Filter>src</Filter>
    </ClCompile>
    <ClCompile Include="src\ofeliaColor.cpp">
      <Filter>src</Filter>
    </ClCompile>
    <ClCompile Include="src\ofeliaDevices.cpp">
      <Filter>src</Filter>
    </ClCompile>
    <ClCompile Include="src\ofeliaDirectory.cpp">
      <Filter>src</Filter>
    </ClCompile>
    <ClCompile Include="src\ofeliaDirectoryHandler.cpp">
      <Filter>src</Filter>
    </ClCompile>
    <ClCompile Include="src\ofeliaEasyCam.cpp">
      <Filter>src</Filter>
    </ClCompile>
    <ClCompile Include="src\ofeliaExpr.cpp">
      <Filter>src</Filter>
    </ClCompile>
    <ClCompile Include="src\ofeliaFbo.cpp">
      <Filter>src</Filter>
    </ClCompile>
    <ClCompile Include="src\ofeliaFile.cpp">
      <Filter>src</Filter>
    </ClCompile>
    <ClCompile Include="src\ofeliaFileHandler.cpp">
      <Filter>src</Filter>
    </ClCompile>
    <ClCompile Include="src\ofeliaFloat.cpp">
      <Filter>src</Filter>
    </ClCompile>
    <ClCompile Include="src\ofeliaFont.cpp">
      <Filter>src</Filter>
    </ClCompile>
    <ClCompile Include="src\ofeliaGetters.cpp">
      <Filter>src</Filter>
    </ClCompile>
    <ClCompile Include="src\ofeliaHead.cpp">
      <Filter>src</Filter>
    </ClCompile>
    <ClCompile Include="src\ofeliaImage.cpp">
      <Filter>src</Filter>
    </ClCompile>
    <ClCompile Include="src\ofeliaImageLoader.cpp">
      <Filter>src</Filter>
    </ClCompile>
    <ClCompile Include="src\ofeliaImageSaver.cpp">
      <Filter>src</Filter>
    </ClCompile>
    <ClCompile Include="src\ofeliaLights.cpp">
      <Filter>src</Filter>
    </ClCompile>
    <ClCompile Include="src\ofeliaListeners.cpp">
      <Filter>src</Filter>
    </ClCompile>
    <ClCompile Include="src\ofeliaMaterial.cpp">
      <Filter>src</Filter>
    </ClCompile>
    <ClCompile Include="src\ofeliaMath.cpp">
      <Filter>src</Filter>
    </ClCompile>
    <ClCompile Include="src\ofeliaMatrix.cpp">
      <Filter>src</Filter>
    </ClCompile>
    <ClCompile Include="src\ofeliaMesh.cpp">
      <Filter>src</Filter>
    </ClCompile>
    <ClCompile Include="src\ofeliaOrien.cpp">
      <Filter>src</Filter>
    </ClCompile>
    <ClCompile Include="src\ofeliaPatch.cpp">
      <Filter>src</Filter>
    </ClCompile>
    <ClCompile Include="src\ofeliaPath.cpp">
      <Filter>src</Filter>
    </ClCompile>
    <ClCompile Include="src\ofeliaPolyline.cpp">
      <Filter>src</Filter>
    </ClCompile>
    <ClCompile Include="src\ofeliaSeparators.cpp">
      <Filter>src</Filter>
    </ClCompile>
    <ClCompile Include="src\ofeliaSetters.cpp">
      <Filter>src</Filter>
    </ClCompile>
    <ClCompile Include="src\ofeliaSetup.cpp">
      <Filter>src</Filter>
    </ClCompile>
    <ClCompile Include="src\ofeliaShader.cpp">
      <Filter>src</Filter>
    </ClCompile>
    <ClCompile Include="src\ofeliaShapes.cpp">
      <Filter>src</Filter>
    </ClCompile>
    <ClCompile Include="src\ofeliaString.cpp">
      <Filter>src</Filter>
    </ClCompile>
    <ClCompile Include="src\ofeliaStyle.cpp">
      <Filter>src</Filter>
    </ClCompile>
    <ClCompile Include="src\ofeliaSymbol.cpp">
      <Filter>src</Filter>
    </ClCompile>
    <ClCompile Include="src\ofeliaURL.cpp">
      <Filter>src</Filter>
    </ClCompile>
    <ClCompile Include="src\ofeliaURLSaver.cpp">
      <Filter>src</Filter>
    </ClCompile>
    <ClCompile Include="src\ofeliaUtils.cpp">
      <Filter>src</Filter>
    </ClCompile>
    <ClCompile Include="src\ofeliaVec2f.cpp">
      <Filter>src</Filter>
    </ClCompile>
    <ClCompile Include="src\ofeliaVec3f.cpp">
      <Filter>src</Filter>
    </ClCompile>
    <ClCompile Include="src\ofeliaVec4f.cpp">
      <Filter>src</Filter>
    </ClCompile>
    <ClCompile Include="src\ofeliaViewport.cpp">
      <Filter>src</Filter>
    </ClCompile>
    <ClCompile Include="src\ofeliaWindow.cpp">
      <Filter>src</Filter>
    </ClCompile>
    <ClCompile Include="src\tinyexpr.c">
      <Filter>src</Filter>
    </ClCompile>
    <ClCompile Include="src\ofeliaRect.cpp">
      <Filter>src</Filter>
    </ClCompile>
  </ItemGroup>
  <ItemGroup>
    <Filter Include="src">
      <UniqueIdentifier>{d8376475-7454-4a24-b08a-aac121d3ad6f}</UniqueIdentifier>
    </Filter>
    <Filter Include="addons">
      <UniqueIdentifier>{bf17cd5e-e7b6-440f-b705-8cdec2a2bdeb}</UniqueIdentifier>
    </Filter>
    <Filter Include="addons\ofxMidi">
      <UniqueIdentifier>{567fa2ea-6c6b-4b82-9678-d2aeb9af0d12}</UniqueIdentifier>
    </Filter>
    <Filter Include="addons\ofxMidi\src">
      <UniqueIdentifier>{f2d723e2-0f5c-4c97-9de8-e2a580267900}</UniqueIdentifier>
    </Filter>
    <Filter Include="addons\ofxMidi\src\desktop">
      <UniqueIdentifier>{e231d97e-30d1-48ea-b7db-acf64865b658}</UniqueIdentifier>
    </Filter>
    <Filter Include="addons\ofxMidi\src\ios">
      <UniqueIdentifier>{6454944d-9adf-47a8-9829-0d5a03d35f52}</UniqueIdentifier>
    </Filter>
    <Filter Include="addons\ofxMidi\libs">
      <UniqueIdentifier>{e7a9a9c7-3ba9-4951-ab74-7758345b48ce}</UniqueIdentifier>
    </Filter>
    <Filter Include="addons\ofxMidi\libs\pgmidi">
      <UniqueIdentifier>{2517f43e-b11c-4033-a534-de755e4a8fbb}</UniqueIdentifier>
    </Filter>
    <Filter Include="addons\ofxMidi\libs\rtmidi">
      <UniqueIdentifier>{64873b3e-a1a1-4d7c-b94a-c9a79190ac5a}</UniqueIdentifier>
    </Filter>
    <Filter Include="addons\ofxPd">
      <UniqueIdentifier>{ce27593c-5ec4-4f2a-966c-f3af5455932d}</UniqueIdentifier>
    </Filter>
    <Filter Include="addons\ofxPd\src">
      <UniqueIdentifier>{23c22c22-4abc-444a-a354-7cd88a313d9e}</UniqueIdentifier>
    </Filter>
    <Filter Include="addons\ofxPd\libs">
      <UniqueIdentifier>{21a84c27-efdc-4047-8488-79cc9a506d49}</UniqueIdentifier>
    </Filter>
    <Filter Include="addons\ofxPd\libs\libpd">
      <UniqueIdentifier>{9ce2165c-01d6-4ace-ab20-5e674cea38c3}</UniqueIdentifier>
    </Filter>
    <Filter Include="addons\ofxPd\libs\libpd\include">
      <UniqueIdentifier>{83db72ae-0610-4da5-b4e9-db3ac5732531}</UniqueIdentifier>
    </Filter>
    <Filter Include="addons\ofxPd\libs\libpd\include\libpd">
      <UniqueIdentifier>{9b358296-f766-4c75-aba5-862bd00a797b}</UniqueIdentifier>
    </Filter>
    <Filter Include="addons\ofxPd\libs\libpd\include\libpd\util">
      <UniqueIdentifier>{ab3c3217-d4d1-419f-a6f7-092c60a677d7}</UniqueIdentifier>
    </Filter>
  </ItemGroup>
  <ItemGroup>
    <ClInclude Include="..\..\..\addons\ofxMidi\src\ofxBaseMidi.h">
      <Filter>addons\ofxMidi\src</Filter>
    </ClInclude>
    <ClInclude Include="..\..\..\addons\ofxMidi\src\ofxMidi.h">
      <Filter>addons\ofxMidi\src</Filter>
    </ClInclude>
    <ClInclude Include="..\..\..\addons\ofxMidi\src\ofxMidiConstants.h">
      <Filter>addons\ofxMidi\src</Filter>
    </ClInclude>
    <ClInclude Include="..\..\..\addons\ofxMidi\src\ofxMidiIn.h">
      <Filter>addons\ofxMidi\src</Filter>
    </ClInclude>
    <ClInclude Include="..\..\..\addons\ofxMidi\src\ofxMidiMessage.h">
      <Filter>addons\ofxMidi\src</Filter>
    </ClInclude>
    <ClInclude Include="..\..\..\addons\ofxMidi\src\ofxMidiOut.h">
      <Filter>addons\ofxMidi\src</Filter>
    </ClInclude>
    <ClInclude Include="..\..\..\addons\ofxMidi\src\ofxMidiTypes.h">
      <Filter>addons\ofxMidi\src</Filter>
    </ClInclude>
    <ClInclude Include="..\..\..\addons\ofxMidi\src\desktop\ofxRtMidiIn.h">
      <Filter>addons\ofxMidi\src\desktop</Filter>
    </ClInclude>
    <ClInclude Include="..\..\..\addons\ofxMidi\src\desktop\ofxRtMidiOut.h">
      <Filter>addons\ofxMidi\src\desktop</Filter>
    </ClInclude>
    <ClInclude Include="..\..\..\addons\ofxMidi\src\ios\ofxPGMidiContext.h">
      <Filter>addons\ofxMidi\src\ios</Filter>
    </ClInclude>
    <ClInclude Include="..\..\..\addons\ofxMidi\src\ios\ofxPGMidiDelegate.h">
      <Filter>addons\ofxMidi\src\ios</Filter>
    </ClInclude>
    <ClInclude Include="..\..\..\addons\ofxMidi\src\ios\ofxPGMidiIn.h">
      <Filter>addons\ofxMidi\src\ios</Filter>
    </ClInclude>
    <ClInclude Include="..\..\..\addons\ofxMidi\src\ios\ofxPGMidiOut.h">
      <Filter>addons\ofxMidi\src\ios</Filter>
    </ClInclude>
    <ClInclude Include="..\..\..\addons\ofxMidi\src\ios\ofxPGMidiSourceDelegate.h">
      <Filter>addons\ofxMidi\src\ios</Filter>
    </ClInclude>
    <ClInclude Include="..\..\..\addons\ofxMidi\libs\pgmidi\iOSVersionDetection.h">
      <Filter>addons\ofxMidi\libs\pgmidi</Filter>
    </ClInclude>
    <ClInclude Include="..\..\..\addons\ofxMidi\libs\pgmidi\PGArc.h">
      <Filter>addons\ofxMidi\libs\pgmidi</Filter>
    </ClInclude>
    <ClInclude Include="..\..\..\addons\ofxMidi\libs\pgmidi\PGMidi.h">
      <Filter>addons\ofxMidi\libs\pgmidi</Filter>
    </ClInclude>
    <ClInclude Include="..\..\..\addons\ofxMidi\libs\pgmidi\PGMidiAllSources.h">
      <Filter>addons\ofxMidi\libs\pgmidi</Filter>
    </ClInclude>
    <ClInclude Include="..\..\..\addons\ofxMidi\libs\pgmidi\PGMidiFind.h">
      <Filter>addons\ofxMidi\libs\pgmidi</Filter>
    </ClInclude>
    <ClInclude Include="..\..\..\addons\ofxMidi\libs\rtmidi\RtMidi.h">
      <Filter>addons\ofxMidi\libs\rtmidi</Filter>
    </ClInclude>
    <ClInclude Include="..\..\..\addons\ofxPd\src\ofxPd.h">
      <Filter>addons\ofxPd\src</Filter>
    </ClInclude>
    <ClInclude Include="..\..\..\addons\ofxPd\libs\libpd\include\libpd\m_pd.h">
      <Filter>addons\ofxPd\libs\libpd\include\libpd</Filter>
    </ClInclude>
    <ClInclude Include="..\..\..\addons\ofxPd\libs\libpd\include\libpd\z_libpd.h">
      <Filter>addons\ofxPd\libs\libpd\include\libpd</Filter>
    </ClInclude>
    <ClInclude Include="..\..\..\addons\ofxPd\libs\libpd\include\libpd\PdBase.hpp">
      <Filter>addons\ofxPd\libs\libpd\include\libpd</Filter>
    </ClInclude>
    <ClInclude Include="..\..\..\addons\ofxPd\libs\libpd\include\libpd\PdMidiReceiver.hpp">
      <Filter>addons\ofxPd\libs\libpd\include\libpd</Filter>
    </ClInclude>
    <ClInclude Include="..\..\..\addons\ofxPd\libs\libpd\include\libpd\PdReceiver.hpp">
      <Filter>addons\ofxPd\libs\libpd\include\libpd</Filter>
    </ClInclude>
    <ClInclude Include="..\..\..\addons\ofxPd\libs\libpd\include\libpd\PdTypes.hpp">
      <Filter>addons\ofxPd\libs\libpd\include\libpd</Filter>
    </ClInclude>
    <ClInclude Include="..\..\..\addons\ofxPd\libs\libpd\include\libpd\util\z_print_util.h">
      <Filter>addons\ofxPd\libs\libpd\include\libpd\util</Filter>
    </ClInclude>
    <ClInclude Include="..\..\..\addons\ofxPd\libs\libpd\include\libpd\util\z_queued.h">
      <Filter>addons\ofxPd\libs\libpd\include\libpd\util</Filter>
    </ClInclude>
    <ClInclude Include="src\ofApp.h">
      <Filter>src</Filter>
    </ClInclude>
    <ClInclude Include="src\ofeliaAnimate.h">
      <Filter>src</Filter>
    </ClInclude>
    <ClInclude Include="src\ofeliaAudio.h">
      <Filter>src</Filter>
    </ClInclude>
    <ClInclude Include="src\ofeliaBase.h">
      <Filter>src</Filter>
    </ClInclude>
    <ClInclude Include="src\ofeliaCamera.h">
      <Filter>src</Filter>
    </ClInclude>
    <ClInclude Include="src\ofeliaColor.h">
      <Filter>src</Filter>
    </ClInclude>
    <ClInclude Include="src\ofeliaDevices.h">
      <Filter>src</Filter>
    </ClInclude>
    <ClInclude Include="src\ofeliaDirectory.h">
      <Filter>src</Filter>
    </ClInclude>
    <ClInclude Include="src\ofeliaDirectoryHandler.h">
      <Filter>src</Filter>
    </ClInclude>
    <ClInclude Include="src\ofeliaEasyCam.h">
      <Filter>src</Filter>
    </ClInclude>
    <ClInclude Include="src\ofeliaExpr.h">
      <Filter>src</Filter>
    </ClInclude>
    <ClInclude Include="src\ofeliaFbo.h">
      <Filter>src</Filter>
    </ClInclude>
    <ClInclude Include="src\ofeliaFile.h">
      <Filter>src</Filter>
    </ClInclude>
    <ClInclude Include="src\ofeliaFileHandler.h">
      <Filter>src</Filter>
    </ClInclude>
    <ClInclude Include="src\ofeliaFloat.h">
      <Filter>src</Filter>
    </ClInclude>
    <ClInclude Include="src\ofeliaFont.h">
      <Filter>src</Filter>
    </ClInclude>
    <ClInclude Include="src\ofeliaGetters.h">
      <Filter>src</Filter>
    </ClInclude>
    <ClInclude Include="src\ofeliaHead.h">
      <Filter>src</Filter>
    </ClInclude>
    <ClInclude Include="src\ofeliaImage.h">
      <Filter>src</Filter>
    </ClInclude>
    <ClInclude Include="src\ofeliaImageLoader.h">
      <Filter>src</Filter>
    </ClInclude>
    <ClInclude Include="src\ofeliaImageSaver.h">
      <Filter>src</Filter>
    </ClInclude>
    <ClInclude Include="src\ofeliaLights.h">
      <Filter>src</Filter>
    </ClInclude>
    <ClInclude Include="src\ofeliaListeners.h">
      <Filter>src</Filter>
    </ClInclude>
    <ClInclude Include="src\ofeliaMaterial.h">
      <Filter>src</Filter>
    </ClInclude>
    <ClInclude Include="src\ofeliaMath.h">
      <Filter>src</Filter>
    </ClInclude>
    <ClInclude Include="src\ofeliaMatrix.h">
      <Filter>src</Filter>
    </ClInclude>
    <ClInclude Include="src\ofeliaMesh.h">
      <Filter>src</Filter>
    </ClInclude>
    <ClInclude Include="src\ofeliaOrien.h">
      <Filter>src</Filter>
    </ClInclude>
    <ClInclude Include="src\ofeliaPatch.h">
      <Filter>src</Filter>
    </ClInclude>
    <ClInclude Include="src\ofeliaPath.h">
      <Filter>src</Filter>
    </ClInclude>
    <ClInclude Include="src\ofeliaPolyline.h">
      <Filter>src</Filter>
    </ClInclude>
    <ClInclude Include="src\ofeliaSeparators.h">
      <Filter>src</Filter>
    </ClInclude>
    <ClInclude Include="src\ofeliaSetters.h">
      <Filter>src</Filter>
    </ClInclude>
    <ClInclude Include="src\ofeliaSetup.h">
      <Filter>src</Filter>
    </ClInclude>
    <ClInclude Include="src\ofeliaShader.h">
      <Filter>src</Filter>
    </ClInclude>
    <ClInclude Include="src\ofeliaShapes.h">
      <Filter>src</Filter>
    </ClInclude>
    <ClInclude Include="src\ofeliaString.h">
      <Filter>src</Filter>
    </ClInclude>
    <ClInclude Include="src\ofeliaStyle.h">
      <Filter>src</Filter>
    </ClInclude>
    <ClInclude Include="src\ofeliaSymbol.h">
      <Filter>src</Filter>
    </ClInclude>
    <ClInclude Include="src\ofeliaURL.h">
      <Filter>src</Filter>
    </ClInclude>
    <ClInclude Include="src\ofeliaURLSaver.h">
      <Filter>src</Filter>
    </ClInclude>
    <ClInclude Include="src\ofeliaUtils.h">
      <Filter>src</Filter>
    </ClInclude>
    <ClInclude Include="src\ofeliaVec2f.h">
      <Filter>src</Filter>
    </ClInclude>
    <ClInclude Include="src\ofeliaVec3f.h">
      <Filter>src</Filter>
    </ClInclude>
    <ClInclude Include="src\ofeliaVec4f.h">
      <Filter>src</Filter>
    </ClInclude>
    <ClInclude Include="src\ofeliaViewport.h">
      <Filter>src</Filter>
    </ClInclude>
    <ClInclude Include="src\ofeliaWindow.h">
      <Filter>src</Filter>
    </ClInclude>
    <ClInclude Include="src\tinyexpr.h">
      <Filter>src</Filter>
    </ClInclude>
    <ClInclude Include="src\ofeliaRect.h">
      <Filter>src</Filter>
    </ClInclude>
  </ItemGroup>
  <ItemGroup>
    <ResourceCompile Include="icon.rc" />
  </ItemGroup>
</Project>