// !$*UTF8*$!
{
	archiveVersion = 1;
	classes = {
	};
	objectVersion = 46;
	objects = {

/* Begin PBXBuildFile section */
		FD7C2BD625088A3800E1B948 /* openFrameworks.a in Frameworks */ = {isa = PBXBuildFile; fileRef = FD7C2BD525088A3800E1B948 /* openFrameworks.a */; };
		FDD3AF5722F4777200A13F8B /* ofxOfeliaGet.h in Headers */ = {isa = PBXBuildFile; fileRef = FDD3AF2922F4777000A13F8B /* ofxOfeliaGet.h */; };
		FDD3AF5922F4777200A13F8B /* ofxOfeliaClient.cpp in Sources */ = {isa = PBXBuildFile; fileRef = FDD3AF2B22F4777000A13F8B /* ofxOfeliaClient.cpp */; };
		FDD3AF5B22F4777200A13F8B /* ofxOfeliaTextBuf.h in Headers */ = {isa = PBXBuildFile; fileRef = FDD3AF2D22F4777000A13F8B /* ofxOfeliaTextBuf.h */; };
		FDD3AF5C22F4777200A13F8B /* ofxOfeliaSet.cpp in Sources */ = {isa = PBXBuildFile; fileRef = FDD3AF2E22F4777000A13F8B /* ofxOfeliaSet.cpp */; };
		FDD3AF5D22F4777200A13F8B /* ofxOfeliaSignal.cpp in Sources */ = {isa = PBXBuildFile; fileRef = FDD3AF2F22F4777000A13F8B /* ofxOfeliaSignal.cpp */; };
		FDD3AF5E22F4777200A13F8B /* ofxOfeliaClient.h in Headers */ = {isa = PBXBuildFile; fileRef = FDD3AF3022F4777000A13F8B /* ofxOfeliaClient.h */; };
		FDD3AF5F22F4777200A13F8B /* ofxOfeliaDefine.cpp in Sources */ = {isa = PBXBuildFile; fileRef = FDD3AF3122F4777000A13F8B /* ofxOfeliaDefine.cpp */; };
		FDD3AF6022F4777200A13F8B /* ofxOfeliaDefine.h in Headers */ = {isa = PBXBuildFile; fileRef = FDD3AF3222F4777000A13F8B /* ofxOfeliaDefine.h */; };
		FDD3AF6122F4777200A13F8B /* ofxOfeliaData.h in Headers */ = {isa = PBXBuildFile; fileRef = FDD3AF3322F4777000A13F8B /* ofxOfeliaData.h */; };
		FDD3AF6222F4777200A13F8B /* ofxOfeliaExists.cpp in Sources */ = {isa = PBXBuildFile; fileRef = FDD3AF3422F4777000A13F8B /* ofxOfeliaExists.cpp */; };
		FDD3AF6322F4777200A13F8B /* ofxOfeliaGL.cpp in Sources */ = {isa = PBXBuildFile; fileRef = FDD3AF3522F4777000A13F8B /* ofxOfeliaGL.cpp */; };
		FDD3AF6422F4777200A13F8B /* ofxOfeliaIO.h in Headers */ = {isa = PBXBuildFile; fileRef = FDD3AF3622F4777000A13F8B /* ofxOfeliaIO.h */; };
		FDD3AF6522F4777200A13F8B /* ofxOfeliaPdBindings.cpp in Sources */ = {isa = PBXBuildFile; fileRef = FDD3AF3722F4777100A13F8B /* ofxOfeliaPdBindings.cpp */; };
		FDD3AF6622F4777200A13F8B /* ofxOfeliaCreator.cpp in Sources */ = {isa = PBXBuildFile; fileRef = FDD3AF3822F4777100A13F8B /* ofxOfeliaCreator.cpp */; };
		FDD3AF6722F4777200A13F8B /* ofxOfeliaCreator.h in Headers */ = {isa = PBXBuildFile; fileRef = FDD3AF3922F4777100A13F8B /* ofxOfeliaCreator.h */; };
		FDD3AF6822F4777200A13F8B /* ofxOfeliaSet.h in Headers */ = {isa = PBXBuildFile; fileRef = FDD3AF3A22F4777100A13F8B /* ofxOfeliaSet.h */; };
		FDD3AF6922F4777200A13F8B /* ofxOfeliaEvents.cpp in Sources */ = {isa = PBXBuildFile; fileRef = FDD3AF3B22F4777100A13F8B /* ofxOfeliaEvents.cpp */; };
		FDD3AF6A22F4777200A13F8B /* ofxOfeliaGet.cpp in Sources */ = {isa = PBXBuildFile; fileRef = FDD3AF3C22F4777100A13F8B /* ofxOfeliaGet.cpp */; };
		FDD3AF6B22F4777200A13F8B /* ofxOfeliaEvents.h in Headers */ = {isa = PBXBuildFile; fileRef = FDD3AF3D22F4777100A13F8B /* ofxOfeliaEvents.h */; };
		FDD3AF6C22F4777200A13F8B /* ofxOfeliaTextBuf.cpp in Sources */ = {isa = PBXBuildFile; fileRef = FDD3AF3E22F4777100A13F8B /* ofxOfeliaTextBuf.cpp */; };
		FDD3AF6D22F4777200A13F8B /* ofxOfeliaFunction.h in Headers */ = {isa = PBXBuildFile; fileRef = FDD3AF3F22F4777100A13F8B /* ofxOfeliaFunction.h */; };
		FDD3AF6E22F4777200A13F8B /* ofxOfeliaIO.cpp in Sources */ = {isa = PBXBuildFile; fileRef = FDD3AF4022F4777100A13F8B /* ofxOfeliaIO.cpp */; };
		FDD3AF6F22F4777200A13F8B /* ofxOfeliaPdBindings.h in Headers */ = {isa = PBXBuildFile; fileRef = FDD3AF4122F4777100A13F8B /* ofxOfeliaPdBindings.h */; };
		FDD3AF7022F4777200A13F8B /* ofxOfeliaLua.h in Headers */ = {isa = PBXBuildFile; fileRef = FDD3AF4222F4777100A13F8B /* ofxOfeliaLua.h */; };
		FDD3AF7222F4777200A13F8B /* ofxOfeliaLua.cpp in Sources */ = {isa = PBXBuildFile; fileRef = FDD3AF4422F4777100A13F8B /* ofxOfeliaLua.cpp */; };
		FDD3AF7322F4777200A13F8B /* ofxOfeliaFunction.cpp in Sources */ = {isa = PBXBuildFile; fileRef = FDD3AF4522F4777100A13F8B /* ofxOfeliaFunction.cpp */; };
		FDD3AF7522F4777200A13F8B /* ofxOfeliaLog.cpp in Sources */ = {isa = PBXBuildFile; fileRef = FDD3AF4722F4777100A13F8B /* ofxOfeliaLog.cpp */; };
		FDD3AF7622F4777200A13F8B /* ofxOfeliaSetup.h in Headers */ = {isa = PBXBuildFile; fileRef = FDD3AF4822F4777200A13F8B /* ofxOfeliaSetup.h */; };
		FDD3AF7722F4777200A13F8B /* ofxOfeliaData.cpp in Sources */ = {isa = PBXBuildFile; fileRef = FDD3AF4922F4777200A13F8B /* ofxOfeliaData.cpp */; };
		FDD3AF7822F4777200A13F8B /* ofxOfeliaLog.h in Headers */ = {isa = PBXBuildFile; fileRef = FDD3AF4A22F4777200A13F8B /* ofxOfeliaLog.h */; };
		FDD3AF7922F4777200A13F8B /* ofxOfeliaSetup.cpp in Sources */ = {isa = PBXBuildFile; fileRef = FDD3AF4B22F4777200A13F8B /* ofxOfeliaSetup.cpp */; };
		FDD3AF7A22F4777200A13F8B /* ofxOfelia.h in Headers */ = {isa = PBXBuildFile; fileRef = FDD3AF4C22F4777200A13F8B /* ofxOfelia.h */; };
		FDD3AF7B22F4777200A13F8B /* ofxOfeliaSignal.h in Headers */ = {isa = PBXBuildFile; fileRef = FDD3AF4D22F4777200A13F8B /* ofxOfeliaSignal.h */; };
		FDD3AF7E22F4777200A13F8B /* ofxOfeliaGL.h in Headers */ = {isa = PBXBuildFile; fileRef = FDD3AF5022F4777200A13F8B /* ofxOfeliaGL.h */; };
		FDD3AF7F22F4777200A13F8B /* ofxOfeliaExists.h in Headers */ = {isa = PBXBuildFile; fileRef = FDD3AF5122F4777200A13F8B /* ofxOfeliaExists.h */; };
		FDD3AF8022F4777200A13F8B /* ofxOfelia.cpp in Sources */ = {isa = PBXBuildFile; fileRef = FDD3AF5222F4777200A13F8B /* ofxOfelia.cpp */; };
		FDED156022B4CCD4005D9D62 /* ofxLuaFileWriter.cpp in Sources */ = {isa = PBXBuildFile; fileRef = FDED155C22B4CCD3005D9D62 /* ofxLuaFileWriter.cpp */; };
		FDED156122B4CCD4005D9D62 /* ofxLuaFileWriter.h in Headers */ = {isa = PBXBuildFile; fileRef = FDED155D22B4CCD3005D9D62 /* ofxLuaFileWriter.h */; };
		FDED156222B4CCD4005D9D62 /* ofxLua.cpp in Sources */ = {isa = PBXBuildFile; fileRef = FDED155E22B4CCD3005D9D62 /* ofxLua.cpp */; };
		FDED156322B4CCD4005D9D62 /* ofxLua.h in Headers */ = {isa = PBXBuildFile; fileRef = FDED155F22B4CCD3005D9D62 /* ofxLua.h */; };
		FDED156622B4CCE2005D9D62 /* ofBindings.h in Headers */ = {isa = PBXBuildFile; fileRef = FDED156422B4CCE2005D9D62 /* ofBindings.h */; };
		FDED156722B4CCE2005D9D62 /* glmBindings.cpp in Sources */ = {isa = PBXBuildFile; fileRef = FDED156522B4CCE2005D9D62 /* glmBindings.cpp */; };
		FDED156922B4CCEB005D9D62 /* ofBindings.cpp in Sources */ = {isa = PBXBuildFile; fileRef = FDED156822B4CCEB005D9D62 /* ofBindings.cpp */; };
		FDED15A522B4CD9F005D9D62 /* lprefix.h in Headers */ = {isa = PBXBuildFile; fileRef = FDED156A22B4CD9A005D9D62 /* lprefix.h */; };
		FDED15A622B4CD9F005D9D62 /* lcorolib.c in Sources */ = {isa = PBXBuildFile; fileRef = FDED156B22B4CD9A005D9D62 /* lcorolib.c */; };
		FDED15A722B4CD9F005D9D62 /* ltable.h in Headers */ = {isa = PBXBuildFile; fileRef = FDED156C22B4CD9A005D9D62 /* ltable.h */; };
		FDED15A822B4CD9F005D9D62 /* llex.h in Headers */ = {isa = PBXBuildFile; fileRef = FDED156D22B4CD9A005D9D62 /* llex.h */; };
		FDED15A922B4CD9F005D9D62 /* ldebug.h in Headers */ = {isa = PBXBuildFile; fileRef = FDED156E22B4CD9A005D9D62 /* ldebug.h */; };
		FDED15AA22B4CD9F005D9D62 /* lctype.c in Sources */ = {isa = PBXBuildFile; fileRef = FDED156F22B4CD9B005D9D62 /* lctype.c */; };
		FDED15AB22B4CD9F005D9D62 /* ldo.h in Headers */ = {isa = PBXBuildFile; fileRef = FDED157022B4CD9B005D9D62 /* ldo.h */; };
		FDED15AC22B4CD9F005D9D62 /* lutf8lib.c in Sources */ = {isa = PBXBuildFile; fileRef = FDED157122B4CD9B005D9D62 /* lutf8lib.c */; };
		FDED15AD22B4CD9F005D9D62 /* lauxlib.h in Headers */ = {isa = PBXBuildFile; fileRef = FDED157222B4CD9B005D9D62 /* lauxlib.h */; };
		FDED15AE22B4CD9F005D9D62 /* ldo.c in Sources */ = {isa = PBXBuildFile; fileRef = FDED157322B4CD9B005D9D62 /* ldo.c */; };
		FDED15AF22B4CD9F005D9D62 /* lua.h in Headers */ = {isa = PBXBuildFile; fileRef = FDED157422B4CD9B005D9D62 /* lua.h */; };
		FDED15B022B4CD9F005D9D62 /* liolib.c in Sources */ = {isa = PBXBuildFile; fileRef = FDED157522B4CD9B005D9D62 /* liolib.c */; };
		FDED15B122B4CD9F005D9D62 /* llex.c in Sources */ = {isa = PBXBuildFile; fileRef = FDED157622B4CD9B005D9D62 /* llex.c */; };
		FDED15B222B4CD9F005D9D62 /* lobject.c in Sources */ = {isa = PBXBuildFile; fileRef = FDED157722B4CD9B005D9D62 /* lobject.c */; };
		FDED15B322B4CD9F005D9D62 /* loadlib.c in Sources */ = {isa = PBXBuildFile; fileRef = FDED157822B4CD9B005D9D62 /* loadlib.c */; };
		FDED15B422B4CD9F005D9D62 /* llimits.h in Headers */ = {isa = PBXBuildFile; fileRef = FDED157922B4CD9B005D9D62 /* llimits.h */; };
		FDED15B522B4CD9F005D9D62 /* ltable.c in Sources */ = {isa = PBXBuildFile; fileRef = FDED157A22B4CD9B005D9D62 /* ltable.c */; };
		FDED15B622B4CD9F005D9D62 /* lstring.c in Sources */ = {isa = PBXBuildFile; fileRef = FDED157B22B4CD9B005D9D62 /* lstring.c */; };
		FDED15B722B4CD9F005D9D62 /* lgc.h in Headers */ = {isa = PBXBuildFile; fileRef = FDED157C22B4CD9B005D9D62 /* lgc.h */; };
		FDED15B822B4CD9F005D9D62 /* lmem.h in Headers */ = {isa = PBXBuildFile; fileRef = FDED157D22B4CD9B005D9D62 /* lmem.h */; };
		FDED15B922B4CD9F005D9D62 /* lapi.h in Headers */ = {isa = PBXBuildFile; fileRef = FDED157E22B4CD9B005D9D62 /* lapi.h */; };
		FDED15BA22B4CD9F005D9D62 /* lctype.h in Headers */ = {isa = PBXBuildFile; fileRef = FDED157F22B4CD9C005D9D62 /* lctype.h */; };
		FDED15BB22B4CD9F005D9D62 /* lualib.h in Headers */ = {isa = PBXBuildFile; fileRef = FDED158022B4CD9C005D9D62 /* lualib.h */; };
		FDED15BC22B4CD9F005D9D62 /* lfunc.c in Sources */ = {isa = PBXBuildFile; fileRef = FDED158122B4CD9C005D9D62 /* lfunc.c */; };
		FDED15BD22B4CD9F005D9D62 /* lcode.c in Sources */ = {isa = PBXBuildFile; fileRef = FDED158222B4CD9C005D9D62 /* lcode.c */; };
		FDED15BE22B4CD9F005D9D62 /* linit.c in Sources */ = {isa = PBXBuildFile; fileRef = FDED158322B4CD9C005D9D62 /* linit.c */; };
		FDED15BF22B4CD9F005D9D62 /* lundump.h in Headers */ = {isa = PBXBuildFile; fileRef = FDED158422B4CD9C005D9D62 /* lundump.h */; };
		FDED15C022B4CD9F005D9D62 /* ldblib.c in Sources */ = {isa = PBXBuildFile; fileRef = FDED158522B4CD9C005D9D62 /* ldblib.c */; };
		FDED15C122B4CD9F005D9D62 /* lzio.c in Sources */ = {isa = PBXBuildFile; fileRef = FDED158622B4CD9C005D9D62 /* lzio.c */; };
		FDED15C222B4CD9F005D9D62 /* lbaselib.c in Sources */ = {isa = PBXBuildFile; fileRef = FDED158722B4CD9C005D9D62 /* lbaselib.c */; };
		FDED15C322B4CD9F005D9D62 /* lfunc.h in Headers */ = {isa = PBXBuildFile; fileRef = FDED158822B4CD9C005D9D62 /* lfunc.h */; };
		FDED15C422B4CD9F005D9D62 /* lgc.c in Sources */ = {isa = PBXBuildFile; fileRef = FDED158922B4CD9C005D9D62 /* lgc.c */; };
		FDED15C522B4CD9F005D9D62 /* ldebug.c in Sources */ = {isa = PBXBuildFile; fileRef = FDED158A22B4CD9C005D9D62 /* ldebug.c */; };
		FDED15C622B4CD9F005D9D62 /* lopcodes.c in Sources */ = {isa = PBXBuildFile; fileRef = FDED158B22B4CD9C005D9D62 /* lopcodes.c */; };
		FDED15C722B4CD9F005D9D62 /* lvm.c in Sources */ = {isa = PBXBuildFile; fileRef = FDED158C22B4CD9D005D9D62 /* lvm.c */; };
		FDED15C822B4CD9F005D9D62 /* lua.hpp in Headers */ = {isa = PBXBuildFile; fileRef = FDED158D22B4CD9D005D9D62 /* lua.hpp */; };
		FDED15C922B4CD9F005D9D62 /* lzio.h in Headers */ = {isa = PBXBuildFile; fileRef = FDED158E22B4CD9D005D9D62 /* lzio.h */; };
		FDED15CA22B4CD9F005D9D62 /* lparser.h in Headers */ = {isa = PBXBuildFile; fileRef = FDED158F22B4CD9D005D9D62 /* lparser.h */; };
		FDED15CB22B4CD9F005D9D62 /* loslib.c in Sources */ = {isa = PBXBuildFile; fileRef = FDED159022B4CD9D005D9D62 /* loslib.c */; };
		FDED15CC22B4CD9F005D9D62 /* ltablib.c in Sources */ = {isa = PBXBuildFile; fileRef = FDED159122B4CD9D005D9D62 /* ltablib.c */; };
		FDED15CD22B4CD9F005D9D62 /* lmem.c in Sources */ = {isa = PBXBuildFile; fileRef = FDED159222B4CD9D005D9D62 /* lmem.c */; };
		FDED15CE22B4CD9F005D9D62 /* lapi.c in Sources */ = {isa = PBXBuildFile; fileRef = FDED159322B4CD9D005D9D62 /* lapi.c */; };
		FDED15CF22B4CD9F005D9D62 /* ltm.c in Sources */ = {isa = PBXBuildFile; fileRef = FDED159422B4CD9D005D9D62 /* ltm.c */; };
		FDED15D022B4CD9F005D9D62 /* luaconf.h in Headers */ = {isa = PBXBuildFile; fileRef = FDED159522B4CD9D005D9D62 /* luaconf.h */; };
		FDED15D122B4CD9F005D9D62 /* ltm.h in Headers */ = {isa = PBXBuildFile; fileRef = FDED159622B4CD9E005D9D62 /* ltm.h */; };
		FDED15D222B4CD9F005D9D62 /* lparser.c in Sources */ = {isa = PBXBuildFile; fileRef = FDED159722B4CD9E005D9D62 /* lparser.c */; };
		FDED15D322B4CD9F005D9D62 /* lauxlib.c in Sources */ = {isa = PBXBuildFile; fileRef = FDED159822B4CD9E005D9D62 /* lauxlib.c */; };
		FDED15D422B4CD9F005D9D62 /* ldump.c in Sources */ = {isa = PBXBuildFile; fileRef = FDED159922B4CD9E005D9D62 /* ldump.c */; };
		FDED15D522B4CD9F005D9D62 /* lstate.h in Headers */ = {isa = PBXBuildFile; fileRef = FDED159A22B4CD9E005D9D62 /* lstate.h */; };
		FDED15D622B4CD9F005D9D62 /* lvm.h in Headers */ = {isa = PBXBuildFile; fileRef = FDED159B22B4CD9E005D9D62 /* lvm.h */; };
		FDED15D722B4CD9F005D9D62 /* lbitlib.c in Sources */ = {isa = PBXBuildFile; fileRef = FDED159C22B4CD9E005D9D62 /* lbitlib.c */; };
		FDED15D822B4CD9F005D9D62 /* lstate.c in Sources */ = {isa = PBXBuildFile; fileRef = FDED159D22B4CD9E005D9D62 /* lstate.c */; };
		FDED15D922B4CD9F005D9D62 /* lopcodes.h in Headers */ = {isa = PBXBuildFile; fileRef = FDED159E22B4CD9E005D9D62 /* lopcodes.h */; };
		FDED15DA22B4CD9F005D9D62 /* lundump.c in Sources */ = {isa = PBXBuildFile; fileRef = FDED159F22B4CD9E005D9D62 /* lundump.c */; };
		FDED15DB22B4CD9F005D9D62 /* lstring.h in Headers */ = {isa = PBXBuildFile; fileRef = FDED15A022B4CD9E005D9D62 /* lstring.h */; };
		FDED15DC22B4CD9F005D9D62 /* lcode.h in Headers */ = {isa = PBXBuildFile; fileRef = FDED15A122B4CD9E005D9D62 /* lcode.h */; };
		FDED15DD22B4CD9F005D9D62 /* lmathlib.c in Sources */ = {isa = PBXBuildFile; fileRef = FDED15A222B4CD9E005D9D62 /* lmathlib.c */; };
		FDED15DE22B4CD9F005D9D62 /* lstrlib.c in Sources */ = {isa = PBXBuildFile; fileRef = FDED15A322B4CD9E005D9D62 /* lstrlib.c */; };
		FDED15DF22B4CD9F005D9D62 /* lobject.h in Headers */ = {isa = PBXBuildFile; fileRef = FDED15A422B4CD9E005D9D62 /* lobject.h */; };
/* End PBXBuildFile section */

/* Begin PBXContainerItemProxy section */
		E4328147138ABC890047C5CB /* PBXContainerItemProxy */ = {
			isa = PBXContainerItemProxy;
			containerPortal = E4328143138ABC890047C5CB /* openFrameworksLib.xcodeproj */;
			proxyType = 2;
			remoteGlobalIDString = E4B27C1510CBEB8E00536013;
			remoteInfo = openFrameworks;
		};
/* End PBXContainerItemProxy section */

/* Begin PBXFileReference section */
		E4328143138ABC890047C5CB /* openFrameworksLib.xcodeproj */ = {isa = PBXFileReference; lastKnownFileType = "wrapper.pb-project"; name = openFrameworksLib.xcodeproj; path = ../../../libs/openFrameworksCompiled/project/osx/openFrameworksLib.xcodeproj; sourceTree = SOURCE_ROOT; };
		E4EB691F138AFCF100A09F29 /* CoreOF.xcconfig */ = {isa = PBXFileReference; fileEncoding = 4; lastKnownFileType = text.xcconfig; name = CoreOF.xcconfig; path = ../../../libs/openFrameworksCompiled/project/osx/CoreOF.xcconfig; sourceTree = SOURCE_ROOT; };
		E4EB6923138AFD0F00A09F29 /* Project.xcconfig */ = {isa = PBXFileReference; fileEncoding = 4; lastKnownFileType = text.xcconfig; path = Project.xcconfig; sourceTree = "<group>"; };
		FD7C2BD525088A3800E1B948 /* openFrameworks.a */ = {isa = PBXFileReference; lastKnownFileType = archive.ar; name = openFrameworks.a; path = ../../../libs/openFrameworksCompiled/lib/osx/openFrameworks.a; sourceTree = "<group>"; };
		FD8CC3E21D80D6AB00F9F9A9 /* openFrameworks-Info.plist */ = {isa = PBXFileReference; fileEncoding = 4; lastKnownFileType = text.plist.xml; path = "openFrameworks-Info.plist"; sourceTree = "<group>"; };
		FDA041521EB41768002E4084 /* ofelia.pd_darwin */ = {isa = PBXFileReference; explicitFileType = "compiled.mach-o.dylib"; includeInIndex = 0; path = ofelia.pd_darwin; sourceTree = BUILT_PRODUCTS_DIR; };
		FDD3AF2922F4777000A13F8B /* ofxOfeliaGet.h */ = {isa = PBXFileReference; fileEncoding = 4; lastKnownFileType = sourcecode.c.h; name = ofxOfeliaGet.h; path = ../../../addons/ofxOfelia/src/ofxOfeliaGet.h; sourceTree = "<group>"; };
		FDD3AF2B22F4777000A13F8B /* ofxOfeliaClient.cpp */ = {isa = PBXFileReference; fileEncoding = 4; lastKnownFileType = sourcecode.cpp.cpp; name = ofxOfeliaClient.cpp; path = ../../../addons/ofxOfelia/src/ofxOfeliaClient.cpp; sourceTree = "<group>"; };
		FDD3AF2D22F4777000A13F8B /* ofxOfeliaTextBuf.h */ = {isa = PBXFileReference; fileEncoding = 4; lastKnownFileType = sourcecode.c.h; name = ofxOfeliaTextBuf.h; path = ../../../addons/ofxOfelia/src/ofxOfeliaTextBuf.h; sourceTree = "<group>"; };
		FDD3AF2E22F4777000A13F8B /* ofxOfeliaSet.cpp */ = {isa = PBXFileReference; fileEncoding = 4; lastKnownFileType = sourcecode.cpp.cpp; name = ofxOfeliaSet.cpp; path = ../../../addons/ofxOfelia/src/ofxOfeliaSet.cpp; sourceTree = "<group>"; };
		FDD3AF2F22F4777000A13F8B /* ofxOfeliaSignal.cpp */ = {isa = PBXFileReference; fileEncoding = 4; lastKnownFileType = sourcecode.cpp.cpp; name = ofxOfeliaSignal.cpp; path = ../../../addons/ofxOfelia/src/ofxOfeliaSignal.cpp; sourceTree = "<group>"; };
		FDD3AF3022F4777000A13F8B /* ofxOfeliaClient.h */ = {isa = PBXFileReference; fileEncoding = 4; lastKnownFileType = sourcecode.c.h; name = ofxOfeliaClient.h; path = ../../../addons/ofxOfelia/src/ofxOfeliaClient.h; sourceTree = "<group>"; };
		FDD3AF3122F4777000A13F8B /* ofxOfeliaDefine.cpp */ = {isa = PBXFileReference; fileEncoding = 4; lastKnownFileType = sourcecode.cpp.cpp; name = ofxOfeliaDefine.cpp; path = ../../../addons/ofxOfelia/src/ofxOfeliaDefine.cpp; sourceTree = "<group>"; };
		FDD3AF3222F4777000A13F8B /* ofxOfeliaDefine.h */ = {isa = PBXFileReference; fileEncoding = 4; lastKnownFileType = sourcecode.c.h; name = ofxOfeliaDefine.h; path = ../../../addons/ofxOfelia/src/ofxOfeliaDefine.h; sourceTree = "<group>"; };
		FDD3AF3322F4777000A13F8B /* ofxOfeliaData.h */ = {isa = PBXFileReference; fileEncoding = 4; lastKnownFileType = sourcecode.c.h; name = ofxOfeliaData.h; path = ../../../addons/ofxOfelia/src/ofxOfeliaData.h; sourceTree = "<group>"; };
		FDD3AF3422F4777000A13F8B /* ofxOfeliaExists.cpp */ = {isa = PBXFileReference; fileEncoding = 4; lastKnownFileType = sourcecode.cpp.cpp; name = ofxOfeliaExists.cpp; path = ../../../addons/ofxOfelia/src/ofxOfeliaExists.cpp; sourceTree = "<group>"; };
		FDD3AF3522F4777000A13F8B /* ofxOfeliaGL.cpp */ = {isa = PBXFileReference; fileEncoding = 4; lastKnownFileType = sourcecode.cpp.cpp; name = ofxOfeliaGL.cpp; path = ../../../addons/ofxOfelia/src/ofxOfeliaGL.cpp; sourceTree = "<group>"; };
		FDD3AF3622F4777000A13F8B /* ofxOfeliaIO.h */ = {isa = PBXFileReference; fileEncoding = 4; lastKnownFileType = sourcecode.c.h; name = ofxOfeliaIO.h; path = ../../../addons/ofxOfelia/src/ofxOfeliaIO.h; sourceTree = "<group>"; };
		FDD3AF3722F4777100A13F8B /* ofxOfeliaPdBindings.cpp */ = {isa = PBXFileReference; fileEncoding = 4; lastKnownFileType = sourcecode.cpp.cpp; name = ofxOfeliaPdBindings.cpp; path = ../../../addons/ofxOfelia/src/ofxOfeliaPdBindings.cpp; sourceTree = "<group>"; };
		FDD3AF3822F4777100A13F8B /* ofxOfeliaCreator.cpp */ = {isa = PBXFileReference; fileEncoding = 4; lastKnownFileType = sourcecode.cpp.cpp; name = ofxOfeliaCreator.cpp; path = ../../../addons/ofxOfelia/src/ofxOfeliaCreator.cpp; sourceTree = "<group>"; };
		FDD3AF3922F4777100A13F8B /* ofxOfeliaCreator.h */ = {isa = PBXFileReference; fileEncoding = 4; lastKnownFileType = sourcecode.c.h; name = ofxOfeliaCreator.h; path = ../../../addons/ofxOfelia/src/ofxOfeliaCreator.h; sourceTree = "<group>"; };
		FDD3AF3A22F4777100A13F8B /* ofxOfeliaSet.h */ = {isa = PBXFileReference; fileEncoding = 4; lastKnownFileType = sourcecode.c.h; name = ofxOfeliaSet.h; path = ../../../addons/ofxOfelia/src/ofxOfeliaSet.h; sourceTree = "<group>"; };
		FDD3AF3B22F4777100A13F8B /* ofxOfeliaEvents.cpp */ = {isa = PBXFileReference; fileEncoding = 4; lastKnownFileType = sourcecode.cpp.cpp; name = ofxOfeliaEvents.cpp; path = ../../../addons/ofxOfelia/src/ofxOfeliaEvents.cpp; sourceTree = "<group>"; };
		FDD3AF3C22F4777100A13F8B /* ofxOfeliaGet.cpp */ = {isa = PBXFileReference; fileEncoding = 4; lastKnownFileType = sourcecode.cpp.cpp; name = ofxOfeliaGet.cpp; path = ../../../addons/ofxOfelia/src/ofxOfeliaGet.cpp; sourceTree = "<group>"; };
		FDD3AF3D22F4777100A13F8B /* ofxOfeliaEvents.h */ = {isa = PBXFileReference; fileEncoding = 4; lastKnownFileType = sourcecode.c.h; name = ofxOfeliaEvents.h; path = ../../../addons/ofxOfelia/src/ofxOfeliaEvents.h; sourceTree = "<group>"; };
		FDD3AF3E22F4777100A13F8B /* ofxOfeliaTextBuf.cpp */ = {isa = PBXFileReference; fileEncoding = 4; lastKnownFileType = sourcecode.cpp.cpp; name = ofxOfeliaTextBuf.cpp; path = ../../../addons/ofxOfelia/src/ofxOfeliaTextBuf.cpp; sourceTree = "<group>"; };
		FDD3AF3F22F4777100A13F8B /* ofxOfeliaFunction.h */ = {isa = PBXFileReference; fileEncoding = 4; lastKnownFileType = sourcecode.c.h; name = ofxOfeliaFunction.h; path = ../../../addons/ofxOfelia/src/ofxOfeliaFunction.h; sourceTree = "<group>"; };
		FDD3AF4022F4777100A13F8B /* ofxOfeliaIO.cpp */ = {isa = PBXFileReference; fileEncoding = 4; lastKnownFileType = sourcecode.cpp.cpp; name = ofxOfeliaIO.cpp; path = ../../../addons/ofxOfelia/src/ofxOfeliaIO.cpp; sourceTree = "<group>"; };
		FDD3AF4122F4777100A13F8B /* ofxOfeliaPdBindings.h */ = {isa = PBXFileReference; fileEncoding = 4; lastKnownFileType = sourcecode.c.h; name = ofxOfeliaPdBindings.h; path = ../../../addons/ofxOfelia/src/ofxOfeliaPdBindings.h; sourceTree = "<group>"; };
		FDD3AF4222F4777100A13F8B /* ofxOfeliaLua.h */ = {isa = PBXFileReference; fileEncoding = 4; lastKnownFileType = sourcecode.c.h; name = ofxOfeliaLua.h; path = ../../../addons/ofxOfelia/src/ofxOfeliaLua.h; sourceTree = "<group>"; };
		FDD3AF4422F4777100A13F8B /* ofxOfeliaLua.cpp */ = {isa = PBXFileReference; fileEncoding = 4; lastKnownFileType = sourcecode.cpp.cpp; name = ofxOfeliaLua.cpp; path = ../../../addons/ofxOfelia/src/ofxOfeliaLua.cpp; sourceTree = "<group>"; };
		FDD3AF4522F4777100A13F8B /* ofxOfeliaFunction.cpp */ = {isa = PBXFileReference; fileEncoding = 4; lastKnownFileType = sourcecode.cpp.cpp; name = ofxOfeliaFunction.cpp; path = ../../../addons/ofxOfelia/src/ofxOfeliaFunction.cpp; sourceTree = "<group>"; };
		FDD3AF4722F4777100A13F8B /* ofxOfeliaLog.cpp */ = {isa = PBXFileReference; fileEncoding = 4; lastKnownFileType = sourcecode.cpp.cpp; name = ofxOfeliaLog.cpp; path = ../../../addons/ofxOfelia/src/ofxOfeliaLog.cpp; sourceTree = "<group>"; };
		FDD3AF4822F4777200A13F8B /* ofxOfeliaSetup.h */ = {isa = PBXFileReference; fileEncoding = 4; lastKnownFileType = sourcecode.c.h; name = ofxOfeliaSetup.h; path = ../../../addons/ofxOfelia/src/ofxOfeliaSetup.h; sourceTree = "<group>"; };
		FDD3AF4922F4777200A13F8B /* ofxOfeliaData.cpp */ = {isa = PBXFileReference; fileEncoding = 4; lastKnownFileType = sourcecode.cpp.cpp; name = ofxOfeliaData.cpp; path = ../../../addons/ofxOfelia/src/ofxOfeliaData.cpp; sourceTree = "<group>"; };
		FDD3AF4A22F4777200A13F8B /* ofxOfeliaLog.h */ = {isa = PBXFileReference; fileEncoding = 4; lastKnownFileType = sourcecode.c.h; name = ofxOfeliaLog.h; path = ../../../addons/ofxOfelia/src/ofxOfeliaLog.h; sourceTree = "<group>"; };
		FDD3AF4B22F4777200A13F8B /* ofxOfeliaSetup.cpp */ = {isa = PBXFileReference; fileEncoding = 4; lastKnownFileType = sourcecode.cpp.cpp; name = ofxOfeliaSetup.cpp; path = ../../../addons/ofxOfelia/src/ofxOfeliaSetup.cpp; sourceTree = "<group>"; };
		FDD3AF4C22F4777200A13F8B /* ofxOfelia.h */ = {isa = PBXFileReference; fileEncoding = 4; lastKnownFileType = sourcecode.c.h; name = ofxOfelia.h; path = ../../../addons/ofxOfelia/src/ofxOfelia.h; sourceTree = "<group>"; };
		FDD3AF4D22F4777200A13F8B /* ofxOfeliaSignal.h */ = {isa = PBXFileReference; fileEncoding = 4; lastKnownFileType = sourcecode.c.h; name = ofxOfeliaSignal.h; path = ../../../addons/ofxOfelia/src/ofxOfeliaSignal.h; sourceTree = "<group>"; };
		FDD3AF5022F4777200A13F8B /* ofxOfeliaGL.h */ = {isa = PBXFileReference; fileEncoding = 4; lastKnownFileType = sourcecode.c.h; name = ofxOfeliaGL.h; path = ../../../addons/ofxOfelia/src/ofxOfeliaGL.h; sourceTree = "<group>"; };
		FDD3AF5122F4777200A13F8B /* ofxOfeliaExists.h */ = {isa = PBXFileReference; fileEncoding = 4; lastKnownFileType = sourcecode.c.h; name = ofxOfeliaExists.h; path = ../../../addons/ofxOfelia/src/ofxOfeliaExists.h; sourceTree = "<group>"; };
		FDD3AF5222F4777200A13F8B /* ofxOfelia.cpp */ = {isa = PBXFileReference; fileEncoding = 4; lastKnownFileType = sourcecode.cpp.cpp; name = ofxOfelia.cpp; path = ../../../addons/ofxOfelia/src/ofxOfelia.cpp; sourceTree = "<group>"; };
		FDED155C22B4CCD3005D9D62 /* ofxLuaFileWriter.cpp */ = {isa = PBXFileReference; fileEncoding = 4; lastKnownFileType = sourcecode.cpp.cpp; name = ofxLuaFileWriter.cpp; path = ../../../addons/ofxOfelia/libs/ofxLua/src/ofxLuaFileWriter.cpp; sourceTree = "<group>"; };
		FDED155D22B4CCD3005D9D62 /* ofxLuaFileWriter.h */ = {isa = PBXFileReference; fileEncoding = 4; lastKnownFileType = sourcecode.c.h; name = ofxLuaFileWriter.h; path = ../../../addons/ofxOfelia/libs/ofxLua/src/ofxLuaFileWriter.h; sourceTree = "<group>"; };
		FDED155E22B4CCD3005D9D62 /* ofxLua.cpp */ = {isa = PBXFileReference; fileEncoding = 4; lastKnownFileType = sourcecode.cpp.cpp; name = ofxLua.cpp; path = ../../../addons/ofxOfelia/libs/ofxLua/src/ofxLua.cpp; sourceTree = "<group>"; };
		FDED155F22B4CCD3005D9D62 /* ofxLua.h */ = {isa = PBXFileReference; fileEncoding = 4; lastKnownFileType = sourcecode.c.h; name = ofxLua.h; path = ../../../addons/ofxOfelia/libs/ofxLua/src/ofxLua.h; sourceTree = "<group>"; };
		FDED156422B4CCE2005D9D62 /* ofBindings.h */ = {isa = PBXFileReference; fileEncoding = 4; lastKnownFileType = sourcecode.c.h; name = ofBindings.h; path = ../../../addons/ofxOfelia/libs/ofxLua/src/bindings/ofBindings.h; sourceTree = "<group>"; };
		FDED156522B4CCE2005D9D62 /* glmBindings.cpp */ = {isa = PBXFileReference; fileEncoding = 4; lastKnownFileType = sourcecode.cpp.cpp; name = glmBindings.cpp; path = ../../../addons/ofxOfelia/libs/ofxLua/src/bindings/glmBindings.cpp; sourceTree = "<group>"; };
		FDED156822B4CCEB005D9D62 /* ofBindings.cpp */ = {isa = PBXFileReference; fileEncoding = 4; lastKnownFileType = sourcecode.cpp.cpp; name = ofBindings.cpp; path = ../../../addons/ofxOfelia/libs/ofxLua/src/bindings/desktop/ofBindings.cpp; sourceTree = "<group>"; };
		FDED156A22B4CD9A005D9D62 /* lprefix.h */ = {isa = PBXFileReference; fileEncoding = 4; lastKnownFileType = sourcecode.c.h; name = lprefix.h; path = ../../../addons/ofxOfelia/libs/ofxLua/libs/lua/lprefix.h; sourceTree = "<group>"; };
		FDED156B22B4CD9A005D9D62 /* lcorolib.c */ = {isa = PBXFileReference; fileEncoding = 4; lastKnownFileType = sourcecode.c.c; name = lcorolib.c; path = ../../../addons/ofxOfelia/libs/ofxLua/libs/lua/lcorolib.c; sourceTree = "<group>"; };
		FDED156C22B4CD9A005D9D62 /* ltable.h */ = {isa = PBXFileReference; fileEncoding = 4; lastKnownFileType = sourcecode.c.h; name = ltable.h; path = ../../../addons/ofxOfelia/libs/ofxLua/libs/lua/ltable.h; sourceTree = "<group>"; };
		FDED156D22B4CD9A005D9D62 /* llex.h */ = {isa = PBXFileReference; fileEncoding = 4; lastKnownFileType = sourcecode.c.h; name = llex.h; path = ../../../addons/ofxOfelia/libs/ofxLua/libs/lua/llex.h; sourceTree = "<group>"; };
		FDED156E22B4CD9A005D9D62 /* ldebug.h */ = {isa = PBXFileReference; fileEncoding = 4; lastKnownFileType = sourcecode.c.h; name = ldebug.h; path = ../../../addons/ofxOfelia/libs/ofxLua/libs/lua/ldebug.h; sourceTree = "<group>"; };
		FDED156F22B4CD9B005D9D62 /* lctype.c */ = {isa = PBXFileReference; fileEncoding = 4; lastKnownFileType = sourcecode.c.c; name = lctype.c; path = ../../../addons/ofxOfelia/libs/ofxLua/libs/lua/lctype.c; sourceTree = "<group>"; };
		FDED157022B4CD9B005D9D62 /* ldo.h */ = {isa = PBXFileReference; fileEncoding = 4; lastKnownFileType = sourcecode.c.h; name = ldo.h; path = ../../../addons/ofxOfelia/libs/ofxLua/libs/lua/ldo.h; sourceTree = "<group>"; };
		FDED157122B4CD9B005D9D62 /* lutf8lib.c */ = {isa = PBXFileReference; fileEncoding = 4; lastKnownFileType = sourcecode.c.c; name = lutf8lib.c; path = ../../../addons/ofxOfelia/libs/ofxLua/libs/lua/lutf8lib.c; sourceTree = "<group>"; };
		FDED157222B4CD9B005D9D62 /* lauxlib.h */ = {isa = PBXFileReference; fileEncoding = 4; lastKnownFileType = sourcecode.c.h; name = lauxlib.h; path = ../../../addons/ofxOfelia/libs/ofxLua/libs/lua/lauxlib.h; sourceTree = "<group>"; };
		FDED157322B4CD9B005D9D62 /* ldo.c */ = {isa = PBXFileReference; fileEncoding = 4; lastKnownFileType = sourcecode.c.c; name = ldo.c; path = ../../../addons/ofxOfelia/libs/ofxLua/libs/lua/ldo.c; sourceTree = "<group>"; };
		FDED157422B4CD9B005D9D62 /* lua.h */ = {isa = PBXFileReference; fileEncoding = 4; lastKnownFileType = sourcecode.c.h; name = lua.h; path = ../../../addons/ofxOfelia/libs/ofxLua/libs/lua/lua.h; sourceTree = "<group>"; };
		FDED157522B4CD9B005D9D62 /* liolib.c */ = {isa = PBXFileReference; fileEncoding = 4; lastKnownFileType = sourcecode.c.c; name = liolib.c; path = ../../../addons/ofxOfelia/libs/ofxLua/libs/lua/liolib.c; sourceTree = "<group>"; };
		FDED157622B4CD9B005D9D62 /* llex.c */ = {isa = PBXFileReference; fileEncoding = 4; lastKnownFileType = sourcecode.c.c; name = llex.c; path = ../../../addons/ofxOfelia/libs/ofxLua/libs/lua/llex.c; sourceTree = "<group>"; };
		FDED157722B4CD9B005D9D62 /* lobject.c */ = {isa = PBXFileReference; fileEncoding = 4; lastKnownFileType = sourcecode.c.c; name = lobject.c; path = ../../../addons/ofxOfelia/libs/ofxLua/libs/lua/lobject.c; sourceTree = "<group>"; };
		FDED157822B4CD9B005D9D62 /* loadlib.c */ = {isa = PBXFileReference; fileEncoding = 4; lastKnownFileType = sourcecode.c.c; name = loadlib.c; path = ../../../addons/ofxOfelia/libs/ofxLua/libs/lua/loadlib.c; sourceTree = "<group>"; };
		FDED157922B4CD9B005D9D62 /* llimits.h */ = {isa = PBXFileReference; fileEncoding = 4; lastKnownFileType = sourcecode.c.h; name = llimits.h; path = ../../../addons/ofxOfelia/libs/ofxLua/libs/lua/llimits.h; sourceTree = "<group>"; };
		FDED157A22B4CD9B005D9D62 /* ltable.c */ = {isa = PBXFileReference; fileEncoding = 4; lastKnownFileType = sourcecode.c.c; name = ltable.c; path = ../../../addons/ofxOfelia/libs/ofxLua/libs/lua/ltable.c; sourceTree = "<group>"; };
		FDED157B22B4CD9B005D9D62 /* lstring.c */ = {isa = PBXFileReference; fileEncoding = 4; lastKnownFileType = sourcecode.c.c; name = lstring.c; path = ../../../addons/ofxOfelia/libs/ofxLua/libs/lua/lstring.c; sourceTree = "<group>"; };
		FDED157C22B4CD9B005D9D62 /* lgc.h */ = {isa = PBXFileReference; fileEncoding = 4; lastKnownFileType = sourcecode.c.h; name = lgc.h; path = ../../../addons/ofxOfelia/libs/ofxLua/libs/lua/lgc.h; sourceTree = "<group>"; };
		FDED157D22B4CD9B005D9D62 /* lmem.h */ = {isa = PBXFileReference; fileEncoding = 4; lastKnownFileType = sourcecode.c.h; name = lmem.h; path = ../../../addons/ofxOfelia/libs/ofxLua/libs/lua/lmem.h; sourceTree = "<group>"; };
		FDED157E22B4CD9B005D9D62 /* lapi.h */ = {isa = PBXFileReference; fileEncoding = 4; lastKnownFileType = sourcecode.c.h; name = lapi.h; path = ../../../addons/ofxOfelia/libs/ofxLua/libs/lua/lapi.h; sourceTree = "<group>"; };
		FDED157F22B4CD9C005D9D62 /* lctype.h */ = {isa = PBXFileReference; fileEncoding = 4; lastKnownFileType = sourcecode.c.h; name = lctype.h; path = ../../../addons/ofxOfelia/libs/ofxLua/libs/lua/lctype.h; sourceTree = "<group>"; };
		FDED158022B4CD9C005D9D62 /* lualib.h */ = {isa = PBXFileReference; fileEncoding = 4; lastKnownFileType = sourcecode.c.h; name = lualib.h; path = ../../../addons/ofxOfelia/libs/ofxLua/libs/lua/lualib.h; sourceTree = "<group>"; };
		FDED158122B4CD9C005D9D62 /* lfunc.c */ = {isa = PBXFileReference; fileEncoding = 4; lastKnownFileType = sourcecode.c.c; name = lfunc.c; path = ../../../addons/ofxOfelia/libs/ofxLua/libs/lua/lfunc.c; sourceTree = "<group>"; };
		FDED158222B4CD9C005D9D62 /* lcode.c */ = {isa = PBXFileReference; fileEncoding = 4; lastKnownFileType = sourcecode.c.c; name = lcode.c; path = ../../../addons/ofxOfelia/libs/ofxLua/libs/lua/lcode.c; sourceTree = "<group>"; };
		FDED158322B4CD9C005D9D62 /* linit.c */ = {isa = PBXFileReference; fileEncoding = 4; lastKnownFileType = sourcecode.c.c; name = linit.c; path = ../../../addons/ofxOfelia/libs/ofxLua/libs/lua/linit.c; sourceTree = "<group>"; };
		FDED158422B4CD9C005D9D62 /* lundump.h */ = {isa = PBXFileReference; fileEncoding = 4; lastKnownFileType = sourcecode.c.h; name = lundump.h; path = ../../../addons/ofxOfelia/libs/ofxLua/libs/lua/lundump.h; sourceTree = "<group>"; };
		FDED158522B4CD9C005D9D62 /* ldblib.c */ = {isa = PBXFileReference; fileEncoding = 4; lastKnownFileType = sourcecode.c.c; name = ldblib.c; path = ../../../addons/ofxOfelia/libs/ofxLua/libs/lua/ldblib.c; sourceTree = "<group>"; };
		FDED158622B4CD9C005D9D62 /* lzio.c */ = {isa = PBXFileReference; fileEncoding = 4; lastKnownFileType = sourcecode.c.c; name = lzio.c; path = ../../../addons/ofxOfelia/libs/ofxLua/libs/lua/lzio.c; sourceTree = "<group>"; };
		FDED158722B4CD9C005D9D62 /* lbaselib.c */ = {isa = PBXFileReference; fileEncoding = 4; lastKnownFileType = sourcecode.c.c; name = lbaselib.c; path = ../../../addons/ofxOfelia/libs/ofxLua/libs/lua/lbaselib.c; sourceTree = "<group>"; };
		FDED158822B4CD9C005D9D62 /* lfunc.h */ = {isa = PBXFileReference; fileEncoding = 4; lastKnownFileType = sourcecode.c.h; name = lfunc.h; path = ../../../addons/ofxOfelia/libs/ofxLua/libs/lua/lfunc.h; sourceTree = "<group>"; };
		FDED158922B4CD9C005D9D62 /* lgc.c */ = {isa = PBXFileReference; fileEncoding = 4; lastKnownFileType = sourcecode.c.c; name = lgc.c; path = ../../../addons/ofxOfelia/libs/ofxLua/libs/lua/lgc.c; sourceTree = "<group>"; };
		FDED158A22B4CD9C005D9D62 /* ldebug.c */ = {isa = PBXFileReference; fileEncoding = 4; lastKnownFileType = sourcecode.c.c; name = ldebug.c; path = ../../../addons/ofxOfelia/libs/ofxLua/libs/lua/ldebug.c; sourceTree = "<group>"; };
		FDED158B22B4CD9C005D9D62 /* lopcodes.c */ = {isa = PBXFileReference; fileEncoding = 4; lastKnownFileType = sourcecode.c.c; name = lopcodes.c; path = ../../../addons/ofxOfelia/libs/ofxLua/libs/lua/lopcodes.c; sourceTree = "<group>"; };
		FDED158C22B4CD9D005D9D62 /* lvm.c */ = {isa = PBXFileReference; fileEncoding = 4; lastKnownFileType = sourcecode.c.c; name = lvm.c; path = ../../../addons/ofxOfelia/libs/ofxLua/libs/lua/lvm.c; sourceTree = "<group>"; };
		FDED158D22B4CD9D005D9D62 /* lua.hpp */ = {isa = PBXFileReference; fileEncoding = 4; lastKnownFileType = sourcecode.cpp.h; name = lua.hpp; path = ../../../addons/ofxOfelia/libs/ofxLua/libs/lua/lua.hpp; sourceTree = "<group>"; };
		FDED158E22B4CD9D005D9D62 /* lzio.h */ = {isa = PBXFileReference; fileEncoding = 4; lastKnownFileType = sourcecode.c.h; name = lzio.h; path = ../../../addons/ofxOfelia/libs/ofxLua/libs/lua/lzio.h; sourceTree = "<group>"; };
		FDED158F22B4CD9D005D9D62 /* lparser.h */ = {isa = PBXFileReference; fileEncoding = 4; lastKnownFileType = sourcecode.c.h; name = lparser.h; path = ../../../addons/ofxOfelia/libs/ofxLua/libs/lua/lparser.h; sourceTree = "<group>"; };
		FDED159022B4CD9D005D9D62 /* loslib.c */ = {isa = PBXFileReference; fileEncoding = 4; lastKnownFileType = sourcecode.c.c; name = loslib.c; path = ../../../addons/ofxOfelia/libs/ofxLua/libs/lua/loslib.c; sourceTree = "<group>"; };
		FDED159122B4CD9D005D9D62 /* ltablib.c */ = {isa = PBXFileReference; fileEncoding = 4; lastKnownFileType = sourcecode.c.c; name = ltablib.c; path = ../../../addons/ofxOfelia/libs/ofxLua/libs/lua/ltablib.c; sourceTree = "<group>"; };
		FDED159222B4CD9D005D9D62 /* lmem.c */ = {isa = PBXFileReference; fileEncoding = 4; lastKnownFileType = sourcecode.c.c; name = lmem.c; path = ../../../addons/ofxOfelia/libs/ofxLua/libs/lua/lmem.c; sourceTree = "<group>"; };
		FDED159322B4CD9D005D9D62 /* lapi.c */ = {isa = PBXFileReference; fileEncoding = 4; lastKnownFileType = sourcecode.c.c; name = lapi.c; path = ../../../addons/ofxOfelia/libs/ofxLua/libs/lua/lapi.c; sourceTree = "<group>"; };
		FDED159422B4CD9D005D9D62 /* ltm.c */ = {isa = PBXFileReference; fileEncoding = 4; lastKnownFileType = sourcecode.c.c; name = ltm.c; path = ../../../addons/ofxOfelia/libs/ofxLua/libs/lua/ltm.c; sourceTree = "<group>"; };
		FDED159522B4CD9D005D9D62 /* luaconf.h */ = {isa = PBXFileReference; fileEncoding = 4; lastKnownFileType = sourcecode.c.h; name = luaconf.h; path = ../../../addons/ofxOfelia/libs/ofxLua/libs/lua/luaconf.h; sourceTree = "<group>"; };
		FDED159622B4CD9E005D9D62 /* ltm.h */ = {isa = PBXFileReference; fileEncoding = 4; lastKnownFileType = sourcecode.c.h; name = ltm.h; path = ../../../addons/ofxOfelia/libs/ofxLua/libs/lua/ltm.h; sourceTree = "<group>"; };
		FDED159722B4CD9E005D9D62 /* lparser.c */ = {isa = PBXFileReference; fileEncoding = 4; lastKnownFileType = sourcecode.c.c; name = lparser.c; path = ../../../addons/ofxOfelia/libs/ofxLua/libs/lua/lparser.c; sourceTree = "<group>"; };
		FDED159822B4CD9E005D9D62 /* lauxlib.c */ = {isa = PBXFileReference; fileEncoding = 4; lastKnownFileType = sourcecode.c.c; name = lauxlib.c; path = ../../../addons/ofxOfelia/libs/ofxLua/libs/lua/lauxlib.c; sourceTree = "<group>"; };
		FDED159922B4CD9E005D9D62 /* ldump.c */ = {isa = PBXFileReference; fileEncoding = 4; lastKnownFileType = sourcecode.c.c; name = ldump.c; path = ../../../addons/ofxOfelia/libs/ofxLua/libs/lua/ldump.c; sourceTree = "<group>"; };
		FDED159A22B4CD9E005D9D62 /* lstate.h */ = {isa = PBXFileReference; fileEncoding = 4; lastKnownFileType = sourcecode.c.h; name = lstate.h; path = ../../../addons/ofxOfelia/libs/ofxLua/libs/lua/lstate.h; sourceTree = "<group>"; };
		FDED159B22B4CD9E005D9D62 /* lvm.h */ = {isa = PBXFileReference; fileEncoding = 4; lastKnownFileType = sourcecode.c.h; name = lvm.h; path = ../../../addons/ofxOfelia/libs/ofxLua/libs/lua/lvm.h; sourceTree = "<group>"; };
		FDED159C22B4CD9E005D9D62 /* lbitlib.c */ = {isa = PBXFileReference; fileEncoding = 4; lastKnownFileType = sourcecode.c.c; name = lbitlib.c; path = ../../../addons/ofxOfelia/libs/ofxLua/libs/lua/lbitlib.c; sourceTree = "<group>"; };
		FDED159D22B4CD9E005D9D62 /* lstate.c */ = {isa = PBXFileReference; fileEncoding = 4; lastKnownFileType = sourcecode.c.c; name = lstate.c; path = ../../../addons/ofxOfelia/libs/ofxLua/libs/lua/lstate.c; sourceTree = "<group>"; };
		FDED159E22B4CD9E005D9D62 /* lopcodes.h */ = {isa = PBXFileReference; fileEncoding = 4; lastKnownFileType = sourcecode.c.h; name = lopcodes.h; path = ../../../addons/ofxOfelia/libs/ofxLua/libs/lua/lopcodes.h; sourceTree = "<group>"; };
		FDED159F22B4CD9E005D9D62 /* lundump.c */ = {isa = PBXFileReference; fileEncoding = 4; lastKnownFileType = sourcecode.c.c; name = lundump.c; path = ../../../addons/ofxOfelia/libs/ofxLua/libs/lua/lundump.c; sourceTree = "<group>"; };
		FDED15A022B4CD9E005D9D62 /* lstring.h */ = {isa = PBXFileReference; fileEncoding = 4; lastKnownFileType = sourcecode.c.h; name = lstring.h; path = ../../../addons/ofxOfelia/libs/ofxLua/libs/lua/lstring.h; sourceTree = "<group>"; };
		FDED15A122B4CD9E005D9D62 /* lcode.h */ = {isa = PBXFileReference; fileEncoding = 4; lastKnownFileType = sourcecode.c.h; name = lcode.h; path = ../../../addons/ofxOfelia/libs/ofxLua/libs/lua/lcode.h; sourceTree = "<group>"; };
		FDED15A222B4CD9E005D9D62 /* lmathlib.c */ = {isa = PBXFileReference; fileEncoding = 4; lastKnownFileType = sourcecode.c.c; name = lmathlib.c; path = ../../../addons/ofxOfelia/libs/ofxLua/libs/lua/lmathlib.c; sourceTree = "<group>"; };
		FDED15A322B4CD9E005D9D62 /* lstrlib.c */ = {isa = PBXFileReference; fileEncoding = 4; lastKnownFileType = sourcecode.c.c; name = lstrlib.c; path = ../../../addons/ofxOfelia/libs/ofxLua/libs/lua/lstrlib.c; sourceTree = "<group>"; };
		FDED15A422B4CD9E005D9D62 /* lobject.h */ = {isa = PBXFileReference; fileEncoding = 4; lastKnownFileType = sourcecode.c.h; name = lobject.h; path = ../../../addons/ofxOfelia/libs/ofxLua/libs/lua/lobject.h; sourceTree = "<group>"; };
/* End PBXFileReference section */

/* Begin PBXFrameworksBuildPhase section */
		FD0A0E701D7ECC3D0028453F /* Frameworks */ = {
			isa = PBXFrameworksBuildPhase;
			buildActionMask = 2147483647;
			files = (
				FD7C2BD625088A3800E1B948 /* openFrameworks.a in Frameworks */,
			);
			runOnlyForDeploymentPostprocessing = 0;
		};
/* End PBXFrameworksBuildPhase section */

/* Begin PBXGroup section */
		6948EE371B920CB800B5AC1A /* local_addons */ = {
			isa = PBXGroup;
			children = (
			);
			name = local_addons;
			sourceTree = "<group>";
		};
		BB4B014C10F69532006C3DED /* addons */ = {
			isa = PBXGroup;
			children = (
				FDED144C22B4CB82005D9D62 /* ofxOfelia */,
			);
			name = addons;
			sourceTree = "<group>";
		};
		E4328144138ABC890047C5CB /* Products */ = {
			isa = PBXGroup;
			children = (
				E4328148138ABC890047C5CB /* openFrameworksDebug.a */,
			);
			name = Products;
			sourceTree = "<group>";
		};
		E4B69B4A0A3A1720003C02F2 = {
			isa = PBXGroup;
			children = (
				FD8CC3E21D80D6AB00F9F9A9 /* openFrameworks-Info.plist */,
				E4EB6923138AFD0F00A09F29 /* Project.xcconfig */,
				E4B69E1C0A3A1BDC003C02F2 /* src */,
				E4EEC9E9138DF44700A80321 /* openFrameworks */,
				BB4B014C10F69532006C3DED /* addons */,
				6948EE371B920CB800B5AC1A /* local_addons */,
				FDA041521EB41768002E4084 /* ofelia.pd_darwin */,
				FD819C2D248DCF7300B3C59E /* Frameworks */,
			);
			sourceTree = "<group>";
		};
		E4B69E1C0A3A1BDC003C02F2 /* src */ = {
			isa = PBXGroup;
			children = (
			);
			path = src;
			sourceTree = SOURCE_ROOT;
		};
		E4EEC9E9138DF44700A80321 /* openFrameworks */ = {
			isa = PBXGroup;
			children = (
				E4EB691F138AFCF100A09F29 /* CoreOF.xcconfig */,
				E4328143138ABC890047C5CB /* openFrameworksLib.xcodeproj */,
			);
			name = openFrameworks;
			sourceTree = "<group>";
		};
		FD819C2D248DCF7300B3C59E /* Frameworks */ = {
			isa = PBXGroup;
			children = (
				FD7C2BD525088A3800E1B948 /* openFrameworks.a */,
			);
			name = Frameworks;
			sourceTree = "<group>";
		};
		FDE1BEFA20A440DA00EF6A3F /* ofxLua */ = {
			isa = PBXGroup;
			children = (
				FDE1BF4620A4422300EF6A3F /* libs */,
				FDE1BF3720A441B800EF6A3F /* src */,
			);
			name = ofxLua;
			sourceTree = "<group>";
		};
		FDE1BF3720A441B800EF6A3F /* src */ = {
			isa = PBXGroup;
			children = (
				FDED155E22B4CCD3005D9D62 /* ofxLua.cpp */,
				FDED155F22B4CCD3005D9D62 /* ofxLua.h */,
				FDED155C22B4CCD3005D9D62 /* ofxLuaFileWriter.cpp */,
				FDED155D22B4CCD3005D9D62 /* ofxLuaFileWriter.h */,
				FDE1BF3820A441BF00EF6A3F /* bindings */,
			);
			name = src;
			sourceTree = "<group>";
		};
		FDE1BF3820A441BF00EF6A3F /* bindings */ = {
			isa = PBXGroup;
			children = (
				FDED156522B4CCE2005D9D62 /* glmBindings.cpp */,
				FDED156422B4CCE2005D9D62 /* ofBindings.h */,
				FDE1BF4120A4420300EF6A3F /* desktop */,
			);
			name = bindings;
			sourceTree = "<group>";
		};
		FDE1BF4120A4420300EF6A3F /* desktop */ = {
			isa = PBXGroup;
			children = (
				FDED156822B4CCEB005D9D62 /* ofBindings.cpp */,
			);
			name = desktop;
			sourceTree = "<group>";
		};
		FDE1BF4620A4422300EF6A3F /* libs */ = {
			isa = PBXGroup;
			children = (
				FDE1BF4720A4424C00EF6A3F /* lua */,
			);
			name = libs;
			sourceTree = "<group>";
		};
		FDE1BF4720A4424C00EF6A3F /* lua */ = {
			isa = PBXGroup;
			children = (
				FDED159322B4CD9D005D9D62 /* lapi.c */,
				FDED157E22B4CD9B005D9D62 /* lapi.h */,
				FDED159822B4CD9E005D9D62 /* lauxlib.c */,
				FDED157222B4CD9B005D9D62 /* lauxlib.h */,
				FDED158722B4CD9C005D9D62 /* lbaselib.c */,
				FDED159C22B4CD9E005D9D62 /* lbitlib.c */,
				FDED158222B4CD9C005D9D62 /* lcode.c */,
				FDED15A122B4CD9E005D9D62 /* lcode.h */,
				FDED156B22B4CD9A005D9D62 /* lcorolib.c */,
				FDED156F22B4CD9B005D9D62 /* lctype.c */,
				FDED157F22B4CD9C005D9D62 /* lctype.h */,
				FDED158522B4CD9C005D9D62 /* ldblib.c */,
				FDED158A22B4CD9C005D9D62 /* ldebug.c */,
				FDED156E22B4CD9A005D9D62 /* ldebug.h */,
				FDED157322B4CD9B005D9D62 /* ldo.c */,
				FDED157022B4CD9B005D9D62 /* ldo.h */,
				FDED159922B4CD9E005D9D62 /* ldump.c */,
				FDED158122B4CD9C005D9D62 /* lfunc.c */,
				FDED158822B4CD9C005D9D62 /* lfunc.h */,
				FDED158922B4CD9C005D9D62 /* lgc.c */,
				FDED157C22B4CD9B005D9D62 /* lgc.h */,
				FDED158322B4CD9C005D9D62 /* linit.c */,
				FDED157522B4CD9B005D9D62 /* liolib.c */,
				FDED157622B4CD9B005D9D62 /* llex.c */,
				FDED156D22B4CD9A005D9D62 /* llex.h */,
				FDED157922B4CD9B005D9D62 /* llimits.h */,
				FDED15A222B4CD9E005D9D62 /* lmathlib.c */,
				FDED159222B4CD9D005D9D62 /* lmem.c */,
				FDED157D22B4CD9B005D9D62 /* lmem.h */,
				FDED157822B4CD9B005D9D62 /* loadlib.c */,
				FDED157722B4CD9B005D9D62 /* lobject.c */,
				FDED15A422B4CD9E005D9D62 /* lobject.h */,
				FDED158B22B4CD9C005D9D62 /* lopcodes.c */,
				FDED159E22B4CD9E005D9D62 /* lopcodes.h */,
				FDED159022B4CD9D005D9D62 /* loslib.c */,
				FDED159722B4CD9E005D9D62 /* lparser.c */,
				FDED158F22B4CD9D005D9D62 /* lparser.h */,
				FDED156A22B4CD9A005D9D62 /* lprefix.h */,
				FDED159D22B4CD9E005D9D62 /* lstate.c */,
				FDED159A22B4CD9E005D9D62 /* lstate.h */,
				FDED157B22B4CD9B005D9D62 /* lstring.c */,
				FDED15A022B4CD9E005D9D62 /* lstring.h */,
				FDED15A322B4CD9E005D9D62 /* lstrlib.c */,
				FDED157A22B4CD9B005D9D62 /* ltable.c */,
				FDED156C22B4CD9A005D9D62 /* ltable.h */,
				FDED159122B4CD9D005D9D62 /* ltablib.c */,
				FDED159422B4CD9D005D9D62 /* ltm.c */,
				FDED159622B4CD9E005D9D62 /* ltm.h */,
				FDED157422B4CD9B005D9D62 /* lua.h */,
				FDED158D22B4CD9D005D9D62 /* lua.hpp */,
				FDED159522B4CD9D005D9D62 /* luaconf.h */,
				FDED158022B4CD9C005D9D62 /* lualib.h */,
				FDED159F22B4CD9E005D9D62 /* lundump.c */,
				FDED158422B4CD9C005D9D62 /* lundump.h */,
				FDED157122B4CD9B005D9D62 /* lutf8lib.c */,
				FDED158C22B4CD9D005D9D62 /* lvm.c */,
				FDED159B22B4CD9E005D9D62 /* lvm.h */,
				FDED158622B4CD9C005D9D62 /* lzio.c */,
				FDED158E22B4CD9D005D9D62 /* lzio.h */,
			);
			name = lua;
			sourceTree = "<group>";
		};
		FDED144C22B4CB82005D9D62 /* ofxOfelia */ = {
			isa = PBXGroup;
			children = (
				FDED144D22B4CB8A005D9D62 /* libs */,
				FDED144E22B4CB91005D9D62 /* src */,
			);
			name = ofxOfelia;
			sourceTree = "<group>";
		};
		FDED144D22B4CB8A005D9D62 /* libs */ = {
			isa = PBXGroup;
			children = (
				FDE1BEFA20A440DA00EF6A3F /* ofxLua */,
			);
			name = libs;
			sourceTree = "<group>";
		};
		FDED144E22B4CB91005D9D62 /* src */ = {
			isa = PBXGroup;
			children = (
				FDD3AF5222F4777200A13F8B /* ofxOfelia.cpp */,
				FDD3AF4C22F4777200A13F8B /* ofxOfelia.h */,
				FDD3AF2B22F4777000A13F8B /* ofxOfeliaClient.cpp */,
				FDD3AF3022F4777000A13F8B /* ofxOfeliaClient.h */,
				FDD3AF3822F4777100A13F8B /* ofxOfeliaCreator.cpp */,
				FDD3AF3922F4777100A13F8B /* ofxOfeliaCreator.h */,
				FDD3AF4922F4777200A13F8B /* ofxOfeliaData.cpp */,
				FDD3AF3322F4777000A13F8B /* ofxOfeliaData.h */,
				FDD3AF3122F4777000A13F8B /* ofxOfeliaDefine.cpp */,
				FDD3AF3222F4777000A13F8B /* ofxOfeliaDefine.h */,
				FDD3AF3B22F4777100A13F8B /* ofxOfeliaEvents.cpp */,
				FDD3AF3D22F4777100A13F8B /* ofxOfeliaEvents.h */,
				FDD3AF3422F4777000A13F8B /* ofxOfeliaExists.cpp */,
				FDD3AF5122F4777200A13F8B /* ofxOfeliaExists.h */,
				FDD3AF4522F4777100A13F8B /* ofxOfeliaFunction.cpp */,
				FDD3AF3F22F4777100A13F8B /* ofxOfeliaFunction.h */,
				FDD3AF3C22F4777100A13F8B /* ofxOfeliaGet.cpp */,
				FDD3AF2922F4777000A13F8B /* ofxOfeliaGet.h */,
				FDD3AF3522F4777000A13F8B /* ofxOfeliaGL.cpp */,
				FDD3AF5022F4777200A13F8B /* ofxOfeliaGL.h */,
				FDD3AF4022F4777100A13F8B /* ofxOfeliaIO.cpp */,
				FDD3AF3622F4777000A13F8B /* ofxOfeliaIO.h */,
				FDD3AF4722F4777100A13F8B /* ofxOfeliaLog.cpp */,
				FDD3AF4A22F4777200A13F8B /* ofxOfeliaLog.h */,
				FDD3AF4422F4777100A13F8B /* ofxOfeliaLua.cpp */,
				FDD3AF4222F4777100A13F8B /* ofxOfeliaLua.h */,
				FDD3AF3722F4777100A13F8B /* ofxOfeliaPdBindings.cpp */,
				FDD3AF4122F4777100A13F8B /* ofxOfeliaPdBindings.h */,
				FDD3AF2E22F4777000A13F8B /* ofxOfeliaSet.cpp */,
				FDD3AF3A22F4777100A13F8B /* ofxOfeliaSet.h */,
				FDD3AF4B22F4777200A13F8B /* ofxOfeliaSetup.cpp */,
				FDD3AF4822F4777200A13F8B /* ofxOfeliaSetup.h */,
				FDD3AF2F22F4777000A13F8B /* ofxOfeliaSignal.cpp */,
				FDD3AF4D22F4777200A13F8B /* ofxOfeliaSignal.h */,
				FDD3AF3E22F4777100A13F8B /* ofxOfeliaTextBuf.cpp */,
				FDD3AF2D22F4777000A13F8B /* ofxOfeliaTextBuf.h */,
			);
			name = src;
			sourceTree = "<group>";
		};
/* End PBXGroup section */

/* Begin PBXHeadersBuildPhase section */
		FD0A0E711D7ECC3D0028453F /* Headers */ = {
			isa = PBXHeadersBuildPhase;
			buildActionMask = 2147483647;
			files = (
				FDED15AF22B4CD9F005D9D62 /* lua.h in Headers */,
				FDED15A922B4CD9F005D9D62 /* ldebug.h in Headers */,
				FDED15BF22B4CD9F005D9D62 /* lundump.h in Headers */,
				FDD3AF6D22F4777200A13F8B /* ofxOfeliaFunction.h in Headers */,
				FDD3AF6422F4777200A13F8B /* ofxOfeliaIO.h in Headers */,
				FDED15BA22B4CD9F005D9D62 /* lctype.h in Headers */,
				FDED15A722B4CD9F005D9D62 /* ltable.h in Headers */,
				FDED15B722B4CD9F005D9D62 /* lgc.h in Headers */,
				FDD3AF5E22F4777200A13F8B /* ofxOfeliaClient.h in Headers */,
				FDED15BB22B4CD9F005D9D62 /* lualib.h in Headers */,
				FDD3AF6F22F4777200A13F8B /* ofxOfeliaPdBindings.h in Headers */,
				FDD3AF5B22F4777200A13F8B /* ofxOfeliaTextBuf.h in Headers */,
				FDD3AF6122F4777200A13F8B /* ofxOfeliaData.h in Headers */,
				FDD3AF6B22F4777200A13F8B /* ofxOfeliaEvents.h in Headers */,
				FDED15B922B4CD9F005D9D62 /* lapi.h in Headers */,
				FDED15C822B4CD9F005D9D62 /* lua.hpp in Headers */,
				FDED15B822B4CD9F005D9D62 /* lmem.h in Headers */,
				FDD3AF6722F4777200A13F8B /* ofxOfeliaCreator.h in Headers */,
				FDED15C922B4CD9F005D9D62 /* lzio.h in Headers */,
				FDED15D922B4CD9F005D9D62 /* lopcodes.h in Headers */,
				FDED156122B4CCD4005D9D62 /* ofxLuaFileWriter.h in Headers */,
				FDED15AB22B4CD9F005D9D62 /* ldo.h in Headers */,
				FDED15DB22B4CD9F005D9D62 /* lstring.h in Headers */,
				FDED156622B4CCE2005D9D62 /* ofBindings.h in Headers */,
				FDED15DF22B4CD9F005D9D62 /* lobject.h in Headers */,
				FDD3AF7822F4777200A13F8B /* ofxOfeliaLog.h in Headers */,
				FDED15D622B4CD9F005D9D62 /* lvm.h in Headers */,
				FDD3AF5722F4777200A13F8B /* ofxOfeliaGet.h in Headers */,
				FDD3AF7622F4777200A13F8B /* ofxOfeliaSetup.h in Headers */,
				FDD3AF7B22F4777200A13F8B /* ofxOfeliaSignal.h in Headers */,
				FDED15A522B4CD9F005D9D62 /* lprefix.h in Headers */,
				FDED15B422B4CD9F005D9D62 /* llimits.h in Headers */,
				FDD3AF6022F4777200A13F8B /* ofxOfeliaDefine.h in Headers */,
				FDD3AF7E22F4777200A13F8B /* ofxOfeliaGL.h in Headers */,
				FDD3AF6822F4777200A13F8B /* ofxOfeliaSet.h in Headers */,
				FDD3AF7F22F4777200A13F8B /* ofxOfeliaExists.h in Headers */,
				FDED15D022B4CD9F005D9D62 /* luaconf.h in Headers */,
				FDED156322B4CCD4005D9D62 /* ofxLua.h in Headers */,
				FDED15AD22B4CD9F005D9D62 /* lauxlib.h in Headers */,
				FDED15CA22B4CD9F005D9D62 /* lparser.h in Headers */,
				FDED15DC22B4CD9F005D9D62 /* lcode.h in Headers */,
				FDD3AF7A22F4777200A13F8B /* ofxOfelia.h in Headers */,
				FDD3AF7022F4777200A13F8B /* ofxOfeliaLua.h in Headers */,
				FDED15D522B4CD9F005D9D62 /* lstate.h in Headers */,
				FDED15D122B4CD9F005D9D62 /* ltm.h in Headers */,
				FDED15A822B4CD9F005D9D62 /* llex.h in Headers */,
				FDED15C322B4CD9F005D9D62 /* lfunc.h in Headers */,
			);
			runOnlyForDeploymentPostprocessing = 0;
		};
/* End PBXHeadersBuildPhase section */

/* Begin PBXNativeTarget section */
		FD0A0E721D7ECC3D0028453F /* ofelia */ = {
			isa = PBXNativeTarget;
			buildConfigurationList = FD0A0E761D7ECC3D0028453F /* Build configuration list for PBXNativeTarget "ofelia" */;
			buildPhases = (
				FD0A0E6F1D7ECC3D0028453F /* Sources */,
				FD0A0E701D7ECC3D0028453F /* Frameworks */,
				FD0A0E711D7ECC3D0028453F /* Headers */,
				FDC3FED41EEBC9FF00FF383D /* ShellScript */,
			);
			buildRules = (
			);
			dependencies = (
			);
			name = ofelia;
			productName = liveman;
			productReference = FDA041521EB41768002E4084 /* ofelia.pd_darwin */;
			productType = "com.apple.product-type.library.dynamic";
		};
/* End PBXNativeTarget section */

/* Begin PBXProject section */
		E4B69B4C0A3A1720003C02F2 /* Project object */ = {
			isa = PBXProject;
			attributes = {
				KnownAssetTags = (
					New,
				);
				LastUpgradeCheck = 0600;
				TargetAttributes = {
					FD0A0E721D7ECC3D0028453F = {
						CreatedOnToolsVersion = 7.3.1;
					};
				};
			};
			buildConfigurationList = E4B69B4D0A3A1720003C02F2 /* Build configuration list for PBXProject "ofelia" */;
			compatibilityVersion = "Xcode 3.2";
			developmentRegion = English;
			hasScannedForEncodings = 0;
			knownRegions = (
				English,
				Japanese,
				French,
				German,
			);
			mainGroup = E4B69B4A0A3A1720003C02F2;
			productRefGroup = E4B69B4A0A3A1720003C02F2;
			projectDirPath = "";
			projectReferences = (
				{
					ProductGroup = E4328144138ABC890047C5CB /* Products */;
					ProjectRef = E4328143138ABC890047C5CB /* openFrameworksLib.xcodeproj */;
				},
			);
			projectRoot = "";
			targets = (
				FD0A0E721D7ECC3D0028453F /* ofelia */,
			);
		};
/* End PBXProject section */

/* Begin PBXReferenceProxy section */
		E4328148138ABC890047C5CB /* openFrameworksDebug.a */ = {
			isa = PBXReferenceProxy;
			fileType = archive.ar;
			path = openFrameworksDebug.a;
			remoteRef = E4328147138ABC890047C5CB /* PBXContainerItemProxy */;
			sourceTree = BUILT_PRODUCTS_DIR;
		};
/* End PBXReferenceProxy section */

/* Begin PBXShellScriptBuildPhase section */
		FDC3FED41EEBC9FF00FF383D /* ShellScript */ = {
			isa = PBXShellScriptBuildPhase;
			buildActionMask = 2147483647;
			files = (
			);
			inputPaths = (
			);
			outputPaths = (
			);
			runOnlyForDeploymentPostprocessing = 0;
			shellPath = /bin/sh;
			shellScript = "# copy libfmodex.dylib and change @executable_path(pd/Contents/Resources/bin) to @loader_path(~/Library/Pd/ofelia)\ncp -rf \"$SRCROOT/../../../libs/fmodex/lib/osx/libfmodex.dylib\" \"$SRCROOT/bin\"\ninstall_name_tool -change @executable_path/libfmodex.dylib @loader_path/libfmodex.dylib $BUILT_PRODUCTS_DIR/ofelia.pd_darwin\n";
		};
/* End PBXShellScriptBuildPhase section */

/* Begin PBXSourcesBuildPhase section */
		FD0A0E6F1D7ECC3D0028453F /* Sources */ = {
			isa = PBXSourcesBuildPhase;
			buildActionMask = 2147483647;
			files = (
				FDED15D222B4CD9F005D9D62 /* lparser.c in Sources */,
				FDED15C622B4CD9F005D9D62 /* lopcodes.c in Sources */,
				FDED15AE22B4CD9F005D9D62 /* ldo.c in Sources */,
				FDD3AF8022F4777200A13F8B /* ofxOfelia.cpp in Sources */,
				FDD3AF6522F4777200A13F8B /* ofxOfeliaPdBindings.cpp in Sources */,
				FDED15DA22B4CD9F005D9D62 /* lundump.c in Sources */,
				FDED15A622B4CD9F005D9D62 /* lcorolib.c in Sources */,
				FDED15B122B4CD9F005D9D62 /* llex.c in Sources */,
				FDD3AF6E22F4777200A13F8B /* ofxOfeliaIO.cpp in Sources */,
				FDED15C222B4CD9F005D9D62 /* lbaselib.c in Sources */,
				FDED15C422B4CD9F005D9D62 /* lgc.c in Sources */,
				FDD3AF5C22F4777200A13F8B /* ofxOfeliaSet.cpp in Sources */,
				FDED15D322B4CD9F005D9D62 /* lauxlib.c in Sources */,
				FDD3AF6322F4777200A13F8B /* ofxOfeliaGL.cpp in Sources */,
				FDED15C522B4CD9F005D9D62 /* ldebug.c in Sources */,
				FDD3AF6C22F4777200A13F8B /* ofxOfeliaTextBuf.cpp in Sources */,
				FDED15BC22B4CD9F005D9D62 /* lfunc.c in Sources */,
				FDED15C722B4CD9F005D9D62 /* lvm.c in Sources */,
				FDD3AF7222F4777200A13F8B /* ofxOfeliaLua.cpp in Sources */,
				FDED15D722B4CD9F005D9D62 /* lbitlib.c in Sources */,
				FDD3AF6A22F4777200A13F8B /* ofxOfeliaGet.cpp in Sources */,
				FDD3AF5D22F4777200A13F8B /* ofxOfeliaSignal.cpp in Sources */,
				FDED156922B4CCEB005D9D62 /* ofBindings.cpp in Sources */,
				FDED15CD22B4CD9F005D9D62 /* lmem.c in Sources */,
				FDED15B222B4CD9F005D9D62 /* lobject.c in Sources */,
				FDD3AF5F22F4777200A13F8B /* ofxOfeliaDefine.cpp in Sources */,
				FDED15B622B4CD9F005D9D62 /* lstring.c in Sources */,
				FDD3AF7722F4777200A13F8B /* ofxOfeliaData.cpp in Sources */,
				FDED15CB22B4CD9F005D9D62 /* loslib.c in Sources */,
				FDED15CC22B4CD9F005D9D62 /* ltablib.c in Sources */,
				FDED15B522B4CD9F005D9D62 /* ltable.c in Sources */,
				FDED15BD22B4CD9F005D9D62 /* lcode.c in Sources */,
				FDED15AA22B4CD9F005D9D62 /* lctype.c in Sources */,
				FDED15C022B4CD9F005D9D62 /* ldblib.c in Sources */,
				FDED15B022B4CD9F005D9D62 /* liolib.c in Sources */,
				FDED15CE22B4CD9F005D9D62 /* lapi.c in Sources */,
				FDD3AF7322F4777200A13F8B /* ofxOfeliaFunction.cpp in Sources */,
				FDED15AC22B4CD9F005D9D62 /* lutf8lib.c in Sources */,
				FDD3AF6622F4777200A13F8B /* ofxOfeliaCreator.cpp in Sources */,
				FDED15D822B4CD9F005D9D62 /* lstate.c in Sources */,
				FDD3AF5922F4777200A13F8B /* ofxOfeliaClient.cpp in Sources */,
				FDED156022B4CCD4005D9D62 /* ofxLuaFileWriter.cpp in Sources */,
				FDED156722B4CCE2005D9D62 /* glmBindings.cpp in Sources */,
				FDD3AF7522F4777200A13F8B /* ofxOfeliaLog.cpp in Sources */,
				FDED15B322B4CD9F005D9D62 /* loadlib.c in Sources */,
				FDED15D422B4CD9F005D9D62 /* ldump.c in Sources */,
				FDED156222B4CCD4005D9D62 /* ofxLua.cpp in Sources */,
				FDD3AF7922F4777200A13F8B /* ofxOfeliaSetup.cpp in Sources */,
				FDED15DE22B4CD9F005D9D62 /* lstrlib.c in Sources */,
				FDED15BE22B4CD9F005D9D62 /* linit.c in Sources */,
				FDED15DD22B4CD9F005D9D62 /* lmathlib.c in Sources */,
				FDED15C122B4CD9F005D9D62 /* lzio.c in Sources */,
				FDD3AF6922F4777200A13F8B /* ofxOfeliaEvents.cpp in Sources */,
				FDD3AF6222F4777200A13F8B /* ofxOfeliaExists.cpp in Sources */,
				FDED15CF22B4CD9F005D9D62 /* ltm.c in Sources */,
			);
			runOnlyForDeploymentPostprocessing = 0;
		};
/* End PBXSourcesBuildPhase section */

/* Begin XCBuildConfiguration section */
		E4B69B4E0A3A1720003C02F2 /* Debug */ = {
			isa = XCBuildConfiguration;
			baseConfigurationReference = E4EB6923138AFD0F00A09F29 /* Project.xcconfig */;
			buildSettings = {
				CONFIGURATION_BUILD_DIR = "$(SRCROOT)/bin/";
				COPY_PHASE_STRIP = NO;
				DEAD_CODE_STRIPPING = YES;
				GCC_AUTO_VECTORIZATION = YES;
				GCC_ENABLE_SSE3_EXTENSIONS = YES;
				GCC_ENABLE_SUPPLEMENTAL_SSE3_INSTRUCTIONS = YES;
				GCC_INLINES_ARE_PRIVATE_EXTERN = NO;
				GCC_OPTIMIZATION_LEVEL = 0;
				GCC_SYMBOLS_PRIVATE_EXTERN = NO;
				GCC_WARN_ABOUT_DEPRECATED_FUNCTIONS = YES;
				GCC_WARN_ABOUT_INVALID_OFFSETOF_MACRO = NO;
				GCC_WARN_ALLOW_INCOMPLETE_PROTOCOL = NO;
				GCC_WARN_UNINITIALIZED_AUTOS = NO;
				GCC_WARN_UNUSED_VALUE = NO;
				GCC_WARN_UNUSED_VARIABLE = NO;
				MACOSX_DEPLOYMENT_TARGET = 10.11;
				ONLY_ACTIVE_ARCH = YES;
				OTHER_CPLUSPLUSFLAGS = (
					"-D__MACOSX_CORE__",
					"-mtune=native",
				);
				SDKROOT = macosx;
			};
			name = Debug;
		};
		E4B69B4F0A3A1720003C02F2 /* Release */ = {
			isa = XCBuildConfiguration;
			baseConfigurationReference = E4EB6923138AFD0F00A09F29 /* Project.xcconfig */;
			buildSettings = {
				CONFIGURATION_BUILD_DIR = "$(SRCROOT)/bin/";
				COPY_PHASE_STRIP = YES;
				DEAD_CODE_STRIPPING = YES;
				GCC_AUTO_VECTORIZATION = YES;
				GCC_ENABLE_SSE3_EXTENSIONS = YES;
				GCC_ENABLE_SUPPLEMENTAL_SSE3_INSTRUCTIONS = YES;
				GCC_INLINES_ARE_PRIVATE_EXTERN = NO;
				GCC_OPTIMIZATION_LEVEL = s;
				GCC_SYMBOLS_PRIVATE_EXTERN = NO;
				GCC_UNROLL_LOOPS = YES;
				GCC_WARN_ABOUT_DEPRECATED_FUNCTIONS = YES;
				GCC_WARN_ABOUT_INVALID_OFFSETOF_MACRO = NO;
				GCC_WARN_ALLOW_INCOMPLETE_PROTOCOL = NO;
				GCC_WARN_UNINITIALIZED_AUTOS = NO;
				GCC_WARN_UNUSED_VALUE = NO;
				GCC_WARN_UNUSED_VARIABLE = NO;
				MACOSX_DEPLOYMENT_TARGET = 10.11;
				OTHER_CPLUSPLUSFLAGS = (
					"-D__MACOSX_CORE__",
					"-mtune=native",
				);
				SDKROOT = macosx;
			};
			name = Release;
		};
		FD0A0E741D7ECC3D0028453F /* Debug */ = {
			isa = XCBuildConfiguration;
			buildSettings = {
				ALWAYS_SEARCH_USER_PATHS = NO;
				ARCHS = "$(ARCHS_STANDARD)";
				CLANG_ANALYZER_NONNULL = YES;
				CLANG_CXX_LANGUAGE_STANDARD = "c++14";
				"CLANG_CXX_LANGUAGE_STANDARD[arch=i386]" = "c++14";
				"CLANG_CXX_LANGUAGE_STANDARD[arch=x86_64]" = "c++14";
				CLANG_CXX_LIBRARY = "libc++";
				"CLANG_CXX_LIBRARY[arch=i386]" = "libc++";
				"CLANG_CXX_LIBRARY[arch=x86_64]" = "libc++";
				CLANG_ENABLE_MODULES = YES;
				CLANG_ENABLE_OBJC_ARC = YES;
				CLANG_MODULES_AUTOLINK = YES;
				CLANG_WARN_BOOL_CONVERSION = NO;
				CLANG_WARN_CONSTANT_CONVERSION = NO;
				CLANG_WARN_DIRECT_OBJC_ISA_USAGE = YES_ERROR;
				CLANG_WARN_EMPTY_BODY = YES;
				CLANG_WARN_ENUM_CONVERSION = NO;
				CLANG_WARN_INT_CONVERSION = NO;
				CLANG_WARN_OBJC_ROOT_CLASS = YES_ERROR;
				CLANG_WARN_UNREACHABLE_CODE = YES;
				CLANG_WARN__DUPLICATE_METHOD_MATCH = NO;
				CODE_SIGN_IDENTITY = "";
				CONFIGURATION_BUILD_DIR = "$(INSTALL_PATH)";
				DEAD_CODE_STRIPPING = YES;
				DEBUG_INFORMATION_FORMAT = dwarf;
				DEPLOYMENT_LOCATION = NO;
				DSTROOT = /;
				DYLIB_COMPATIBILITY_VERSION = 1;
				DYLIB_CURRENT_VERSION = 1;
				DYLIB_INSTALL_NAME_BASE = "$(INSTALL_PATH)";
				ENABLE_STRICT_OBJC_MSGSEND = NO;
				ENABLE_TESTABILITY = NO;
				EXCLUDED_SOURCE_FILE_NAMES = "";
				EXECUTABLE_EXTENSION = pd_darwin;
				EXECUTABLE_PREFIX = "";
				FRAMEWORK_SEARCH_PATHS = "$(inherited)";
				GCC_C_LANGUAGE_STANDARD = gnu99;
				GCC_DYNAMIC_NO_PIC = NO;
				GCC_NO_COMMON_BLOCKS = NO;
				GCC_OPTIMIZATION_LEVEL = 3;
				GCC_PREPROCESSOR_DEFINITIONS = (
					"DEBUG=1",
					"$(inherited)",
				);
				GCC_UNROLL_LOOPS = NO;
				GCC_WARN_64_TO_32_BIT_CONVERSION = NO;
				GCC_WARN_ABOUT_RETURN_TYPE = YES_ERROR;
				GCC_WARN_UNDECLARED_SELECTOR = YES;
				GCC_WARN_UNINITIALIZED_AUTOS = YES_AGGRESSIVE;
				GCC_WARN_UNUSED_FUNCTION = YES;
				GCC_WARN_UNUSED_VARIABLE = YES;
				HEADER_FMODEX = "\"$(OF_PATH)/libs/fmodex/include\"";
				HEADER_RTAUDIO = "\"$(OF_PATH)/libs/rtAudio/include\"";
				HEADER_SEARCH_PATHS = (
					"$(OF_CORE_HEADERS)",
					src,
					../../../addons/ofxOfelia/libs/ofxLua/libs,
					../../../addons/ofxOfelia/libs/ofxLua/libs/lua,
					../../../addons/ofxOfelia/libs/ofxLua/src,
					../../../addons/ofxOfelia/libs/ofxLua/src/bindings,
					../../../addons/ofxOfelia/libs/ofxLua/src/bindings/desktop,
					"../../../addons/ofxOfelia/libs/ofxPd/libs/libpd/pure-data/src",
					../../../addons/ofxOfelia/src,
				);
				ICON_FILE_PATH = "$(OF_PATH)/libs/openFrameworksCompiled/project/osx/";
				ICON_NAME_DEBUG = "icon-debug.icns";
				ICON_NAME_RELEASE = icon.icns;
				INFOPLIST_FILE = "openFrameworks-Info.plist";
				INFOPLIST_PREPROCESS = NO;
				INSTALL_PATH = "$(SRCROOT)/bin/";
				LIBRARY_SEARCH_PATHS = (
					/usr/local/lib/,
					"$(inherited)",
				);
				MACOSX_DEPLOYMENT_TARGET = 10.11;
				MTL_ENABLE_DEBUG_INFO = YES;
				OF_CORE_FRAMEWORKS = "-framework Accelerate -framework AGL -framework AppKit -framework ApplicationServices -framework AudioToolbox -framework AVFoundation -framework Cocoa -framework CoreAudio -framework CoreFoundation -framework CoreMedia -framework CoreServices -framework CoreVideo -framework IOKit -framework OpenGL -framework QuartzCore -framework Security -framework LDAP";
				OF_CORE_HEADERS = "$(HEADER_OF) $(HEADER_FREETYPE) $(HEADER_FREETYPE2) $(HEADER_FMODEX) $(HEADER_GLEW) $(HEADER_FREEIMAGE) $(HEADER_TESS2) $(HEADER_CAIRO) $(HEADER_RTAUDIO) $(HEADER_GLFW) $(HEADER_BOOST) $(HEADER_UTF8) $(HEADER_JSON) $(HEADER_GLM) $(HEADER_CURL) $(HEADER_URIPARSER) $(HEADER_PUGIXML)";
				OF_CORE_LIBS = "$(LIB_TESS) $(LIB_GLEW) $(LIB_CAIRO1) $(LIB_CAIRO2) $(LIB_CAIRO3) $(LIB_FMODEX) $(LIB_RTAUDIO) $(LIB_GLFW) $(LIB_FREEIMAGE) $(LIB_FREETYPE) $(LIB_BOOST_FS) $(LIB_BOOST_SYSTEM) $(LIB_CURL) $(LIB_URIPARSER) $(LIB_PUGIXML)";
				OF_PATH = ../../..;
				ONLY_ACTIVE_ARCH = NO;
				OTHER_CFLAGS = (
					"-DLUA_USE_MACOSX",
					"-DHAVE_LIBDL",
				);
				OTHER_CPLUSPLUSFLAGS = (
					"-D__MACOSX_CORE__",
					"-mtune=native",
					"-DHAVE_UNISTD_H=1",
					"-DTARGET_EXTERNAL",
				);
				OTHER_LDFLAGS = (
					"$(OF_CORE_LIBS)",
					"$(OF_CORE_FRAMEWORKS)",
					"-undefined",
					dynamic_lookup,
					"-rdynamic",
				);
				PRODUCT_BUNDLE_IDENTIFIER = com.ofelia.macOSExternal;
				PRODUCT_NAME = "$(TARGET_NAME)";
				STRIP_STYLE = all;
				USER_HEADER_SEARCH_PATHS = "";
				VALID_ARCHS = x86_64;
			};
			name = Debug;
		};
		FD0A0E751D7ECC3D0028453F /* Release */ = {
			isa = XCBuildConfiguration;
			buildSettings = {
				ALWAYS_SEARCH_USER_PATHS = NO;
				ARCHS = "$(ARCHS_STANDARD)";
				CLANG_ANALYZER_NONNULL = YES;
				CLANG_CXX_LANGUAGE_STANDARD = "c++14";
				"CLANG_CXX_LANGUAGE_STANDARD[arch=i386]" = "c++14";
				"CLANG_CXX_LANGUAGE_STANDARD[arch=x86_64]" = "c++14";
				CLANG_CXX_LIBRARY = "libc++";
				"CLANG_CXX_LIBRARY[arch=i386]" = "libc++";
				"CLANG_CXX_LIBRARY[arch=x86_64]" = "libc++";
				CLANG_ENABLE_MODULES = YES;
				CLANG_ENABLE_OBJC_ARC = YES;
				CLANG_MODULES_AUTOLINK = YES;
				CLANG_WARN_BOOL_CONVERSION = NO;
				CLANG_WARN_CONSTANT_CONVERSION = NO;
				CLANG_WARN_DIRECT_OBJC_ISA_USAGE = YES_ERROR;
				CLANG_WARN_EMPTY_BODY = YES;
				CLANG_WARN_ENUM_CONVERSION = NO;
				CLANG_WARN_INT_CONVERSION = NO;
				CLANG_WARN_OBJC_ROOT_CLASS = YES_ERROR;
				CLANG_WARN_UNREACHABLE_CODE = YES;
				CLANG_WARN__DUPLICATE_METHOD_MATCH = NO;
				CODE_SIGN_IDENTITY = "";
				CONFIGURATION_BUILD_DIR = "$(INSTALL_PATH)";
				COPY_PHASE_STRIP = NO;
				DEAD_CODE_STRIPPING = YES;
				DEBUG_INFORMATION_FORMAT = "dwarf-with-dsym";
				DEPLOYMENT_LOCATION = NO;
				DSTROOT = /;
				DYLIB_COMPATIBILITY_VERSION = 1;
				DYLIB_CURRENT_VERSION = 1;
				DYLIB_INSTALL_NAME_BASE = "$(INSTALL_PATH)";
				ENABLE_NS_ASSERTIONS = NO;
				ENABLE_STRICT_OBJC_MSGSEND = NO;
				ENABLE_TESTABILITY = NO;
				EXCLUDED_SOURCE_FILE_NAMES = "";
				EXECUTABLE_EXTENSION = pd_darwin;
				EXECUTABLE_PREFIX = "";
				FRAMEWORK_SEARCH_PATHS = "$(inherited)";
				GCC_C_LANGUAGE_STANDARD = gnu99;
				GCC_NO_COMMON_BLOCKS = NO;
				GCC_OPTIMIZATION_LEVEL = 3;
				GCC_UNROLL_LOOPS = NO;
				GCC_WARN_64_TO_32_BIT_CONVERSION = NO;
				GCC_WARN_ABOUT_RETURN_TYPE = YES_ERROR;
				GCC_WARN_UNDECLARED_SELECTOR = YES;
				GCC_WARN_UNINITIALIZED_AUTOS = YES_AGGRESSIVE;
				GCC_WARN_UNUSED_FUNCTION = YES;
				GCC_WARN_UNUSED_VARIABLE = YES;
				HEADER_FMODEX = "\"$(OF_PATH)/libs/fmodex/include\"";
				HEADER_RTAUDIO = "\"$(OF_PATH)/libs/rtAudio/include\"";
				HEADER_SEARCH_PATHS = (
					"$(OF_CORE_HEADERS)",
					src,
					../../../addons/ofxOfelia/libs/ofxLua/libs,
					../../../addons/ofxOfelia/libs/ofxLua/libs/lua,
					../../../addons/ofxOfelia/libs/ofxLua/src,
					../../../addons/ofxOfelia/libs/ofxLua/src/bindings,
					../../../addons/ofxOfelia/libs/ofxLua/src/bindings/desktop,
					"../../../addons/ofxOfelia/libs/ofxPd/libs/libpd/pure-data/src",
					../../../addons/ofxOfelia/src,
				);
				ICON_FILE_PATH = "$(OF_PATH)/libs/openFrameworksCompiled/project/osx/";
				ICON_NAME_DEBUG = "icon-debug.icns";
				ICON_NAME_RELEASE = icon.icns;
				INFOPLIST_FILE = "openFrameworks-Info.plist";
				INFOPLIST_PREPROCESS = NO;
				INSTALL_PATH = "$(SRCROOT)/bin/";
				LIBRARY_SEARCH_PATHS = (
					/usr/local/lib/,
					"$(inherited)",
				);
				MACOSX_DEPLOYMENT_TARGET = 10.11;
				MTL_ENABLE_DEBUG_INFO = NO;
				OF_CORE_FRAMEWORKS = "-framework Accelerate -framework AGL -framework AppKit -framework ApplicationServices -framework AudioToolbox -framework AVFoundation -framework Cocoa -framework CoreAudio -framework CoreFoundation -framework CoreMedia -framework CoreServices -framework CoreVideo -framework IOKit -framework OpenGL -framework QuartzCore -framework Security -framework LDAP";
				OF_CORE_HEADERS = "$(HEADER_OF) $(HEADER_FREETYPE) $(HEADER_FREETYPE2) $(HEADER_FMODEX) $(HEADER_GLEW) $(HEADER_FREEIMAGE) $(HEADER_TESS2) $(HEADER_CAIRO) $(HEADER_RTAUDIO) $(HEADER_GLFW) $(HEADER_BOOST) $(HEADER_UTF8) $(HEADER_JSON) $(HEADER_GLM) $(HEADER_CURL) $(HEADER_URIPARSER) $(HEADER_PUGIXML)";
				OF_CORE_LIBS = "$(LIB_TESS) $(LIB_GLEW) $(LIB_CAIRO1) $(LIB_CAIRO2) $(LIB_CAIRO3) $(LIB_FMODEX) $(LIB_RTAUDIO) $(LIB_GLFW) $(LIB_FREEIMAGE) $(LIB_FREETYPE) $(LIB_BOOST_FS) $(LIB_BOOST_SYSTEM) $(LIB_CURL) $(LIB_URIPARSER) $(LIB_PUGIXML)";
				OF_PATH = ../../..;
				ONLY_ACTIVE_ARCH = NO;
				OTHER_CFLAGS = (
					"-DLUA_USE_MACOSX",
					"-DHAVE_LIBDL",
				);
				OTHER_CPLUSPLUSFLAGS = (
					"-D__MACOSX_CORE__",
					"-mtune=native",
					"-DHAVE_UNISTD_H=1",
					"-DTARGET_EXTERNAL",
				);
				OTHER_LDFLAGS = (
					"$(OF_CORE_LIBS)",
					"$(OF_CORE_FRAMEWORKS)",
					"-undefined",
					dynamic_lookup,
					"-rdynamic",
				);
				PRODUCT_BUNDLE_IDENTIFIER = com.ofelia.macOSExternal;
				PRODUCT_NAME = "$(TARGET_NAME)";
				STRIP_STYLE = all;
				USER_HEADER_SEARCH_PATHS = "";
				VALID_ARCHS = x86_64;
			};
			name = Release;
		};
/* End XCBuildConfiguration section */

/* Begin XCConfigurationList section */
		E4B69B4D0A3A1720003C02F2 /* Build configuration list for PBXProject "ofelia" */ = {
			isa = XCConfigurationList;
			buildConfigurations = (
				E4B69B4E0A3A1720003C02F2 /* Debug */,
				E4B69B4F0A3A1720003C02F2 /* Release */,
			);
			defaultConfigurationIsVisible = 0;
			defaultConfigurationName = Release;
		};
		FD0A0E761D7ECC3D0028453F /* Build configuration list for PBXNativeTarget "ofelia" */ = {
			isa = XCConfigurationList;
			buildConfigurations = (
				FD0A0E741D7ECC3D0028453F /* Debug */,
				FD0A0E751D7ECC3D0028453F /* Release */,
			);
			defaultConfigurationIsVisible = 0;
			defaultConfigurationName = Release;
		};
/* End XCConfigurationList section */
	};
	rootObject = E4B69B4C0A3A1720003C02F2 /* Project object */;
}
